
Microsoft Visual Studio Solution File, Format Version 12.00
# Visual Studio Version 18
VisualStudioVersion = 18.6.11806.211 stable
MinimumVisualStudioVersion = 10.0.40219.1
Project("{FAE04EC0-301F-11D3-BF4B-00C04F79EFBC}") = "RpcStdioWorker", "RpcStdioWorker.csproj", "{48F5DA29-2002-DED8-99AC-56C016C92CAD}"
EndProject
Project("{FAE04EC0-301F-11D3-BF4B-00C04F79EFBC}") = "RpcStdioClient", "..\RpcStdioClient\RpcStdioClient.csproj", "{BF342AB2-CA7A-07EA-8D89-CFD97B414235}"
EndProject
Global
	GlobalSection(SolutionConfigurationPlatforms) = preSolution
		Debug|Any CPU = Debug|Any CPU
		Release|Any CPU = Release|Any CPU
	EndGlobalSection
	GlobalSection(ProjectConfigurationPlatforms) = postSolution
		{48F5DA29-2002-DED8-99AC-56C016C92CAD}.Debug|Any CPU.ActiveCfg = Debug|Any CPU
		{48F5DA29-2002-DED8-99AC-56C016C92CAD}.Debug|Any CPU.Build.0 = Debug|Any CPU
		{48F5DA29-2002-DED8-99AC-56C016C92CAD}.Release|Any CPU.ActiveCfg = Release|Any CPU
		{48F5DA29-2002-DED8-99AC-56C016C92CAD}.Release|Any CPU.Build.0 = Release|Any CPU
		{BF342AB2-CA7A-07EA-8D89-CFD97B414235}.Debug|Any CPU.ActiveCfg = Debug|Any CPU
		{BF342AB2-CA7A-07EA-8D89-CFD97B414235}.Debug|Any CPU.Build.0 = Debug|Any CPU
		{BF342AB2-CA7A-07EA-8D89-CFD97B414235}.Release|Any CPU.ActiveCfg = Release|Any CPU
		{BF342AB2-CA7A-07EA-8D89-CFD97B414235}.Release|Any CPU.Build.0 = Release|Any CPU
	EndGlobalSection
	GlobalSection(SolutionProperties) = preSolution
		HideSolutionNode = FALSE
	EndGlobalSection
	GlobalSection(ExtensibilityGlobals) = postSolution
		SolutionGuid = {15E82994-6518-45F6-8186-08335F2BEAA7}
	EndGlobalSection
EndGlobal
