
Microsoft Visual Studio Solution File, Format Version 12.00
# Visual Studio 2013
VisualStudioVersion = 12.0.21005.1
MinimumVisualStudioVersion = 10.0.40219.1
Project("{FAE04EC0-301F-11D3-BF4B-00C04F79EFBC}") = "ClassLibrary", "ClassLibrary\ClassLibrary.csproj", "{223C1C14-C440-4979-A0D0-13862062DB73}"
EndProject
Project("{FAE04EC0-301F-11D3-BF4B-00C04F79EFBC}") = "ConsoleApp", "ConsoleApp\ConsoleApp.csproj", "{1B659FC2-AF52-4B16-B297-5444F9E04EE9}"
EndProject
Project("{FAE04EC0-301F-11D3-BF4B-00C04F79EFBC}") = "WpfApp", "WpfApp\WpfApp.csproj", "{FC35DABB-2C14-403C-B857-0AA6A8D71166}"
EndProject
Global
	GlobalSection(SolutionConfigurationPlatforms) = preSolution
		Debug|Any CPU = Debug|Any CPU
		Release|Any CPU = Release|Any CPU
	EndGlobalSection
	GlobalSection(ProjectConfigurationPlatforms) = postSolution
		{223C1C14-C440-4979-A0D0-13862062DB73}.Debug|Any CPU.ActiveCfg = Debug|Any CPU
		{223C1C14-C440-4979-A0D0-13862062DB73}.Debug|Any CPU.Build.0 = Debug|Any CPU
		{223C1C14-C440-4979-A0D0-13862062DB73}.Release|Any CPU.ActiveCfg = Release|Any CPU
		{223C1C14-C440-4979-A0D0-13862062DB73}.Release|Any CPU.Build.0 = Release|Any CPU
		{1B659FC2-AF52-4B16-B297-5444F9E04EE9}.Debug|Any CPU.ActiveCfg = Debug|Any CPU
		{1B659FC2-AF52-4B16-B297-5444F9E04EE9}.Debug|Any CPU.Build.0 = Debug|Any CPU
		{1B659FC2-AF52-4B16-B297-5444F9E04EE9}.Release|Any CPU.ActiveCfg = Release|Any CPU
		{1B659FC2-AF52-4B16-B297-5444F9E04EE9}.Release|Any CPU.Build.0 = Release|Any CPU
		{FC35DABB-2C14-403C-B857-0AA6A8D71166}.Debug|Any CPU.ActiveCfg = Debug|Any CPU
		{FC35DABB-2C14-403C-B857-0AA6A8D71166}.Debug|Any CPU.Build.0 = Debug|Any CPU
		{FC35DABB-2C14-403C-B857-0AA6A8D71166}.Release|Any CPU.ActiveCfg = Release|Any CPU
		{FC35DABB-2C14-403C-B857-0AA6A8D71166}.Release|Any CPU.Build.0 = Release|Any CPU
	EndGlobalSection
	GlobalSection(SolutionProperties) = preSolution
		HideSolutionNode = FALSE
	EndGlobalSection
EndGlobal
