
Microsoft Visual Studio Solution File, Format Version 12.00
# Visual Studio Version 17
VisualStudioVersion = 17.3.32922.545
MinimumVisualStudioVersion = 10.0.40219.1
Project("{2150E333-8FDC-42A3-9474-1A3956D46DE8}") = "01. Components", "01. Components", "{D51AB0F3-723D-46DC-B0AC-C7EB7E25EFA7}"
EndProject
Project("{9A19103F-16F7-4668-BE54-9A1E7A4F7556}") = "Alternet.UI.Integration.IntelliSense", "Components\Alternet.UI.Integration.IntelliSense\Alternet.UI.Integration.IntelliSense.csproj", "{AC7AE83B-3A71-4A17-A71F-F3698BBEEC0C}"
EndProject
Project("{2150E333-8FDC-42A3-9474-1A3956D46DE8}") = "02. Visual Studio", "02. Visual Studio", "{28EAAF64-EB3C-4C76-91A9-04A9FB62F5DE}"
EndProject
Project("{9A19103F-16F7-4668-BE54-9A1E7A4F7556}") = "Alternet.UI.Integration.VisualStudio", "VisualStudio\Alternet.UI.Integration.VisualStudio\Alternet.UI.Integration.VisualStudio.csproj", "{2E6545DC-EF98-4C53-853B-C3307CB43A3F}"
	ProjectSection(ProjectDependencies) = postProject
		{27D4F11A-97B1-4801-9795-D5C6061252D0} = {27D4F11A-97B1-4801-9795-D5C6061252D0}
		{C310E645-FE62-4D59-B125-0A07B1B86FA5} = {C310E645-FE62-4D59-B125-0A07B1B86FA5}
	EndProjectSection
EndProject
Project("{2150E333-8FDC-42A3-9474-1A3956D46DE8}") = "Templates", "Templates", "{1C97784E-A38A-4AD7-8B0E-E6F39A03AE4C}"
EndProject
Project("{FAE04EC0-301F-11D3-BF4B-00C04F79EFBC}") = "AlternetUIWindowTemplate", "VisualStudio\Templates\AlternetUIWindowTemplate\AlternetUIWindowTemplate.csproj", "{C8BAAA98-50A3-4C04-8F8C-ED853EC0760C}"
EndProject
Project("{2150E333-8FDC-42A3-9474-1A3956D46DE8}") = "03. Dotnet", "03. Dotnet", "{90C73766-A282-4D92-8859-A3AA50A1B10A}"
EndProject
Project("{9A19103F-16F7-4668-BE54-9A1E7A4F7556}") = "Alternet.UI.Templates", "Templates\Alternet.UI.Templates.csproj", "{D75DEAEE-D90C-4996-921A-6BA4DA4575F9}"
EndProject
Project("{9A19103F-16F7-4668-BE54-9A1E7A4F7556}") = "Alternet.UI.Integration.Remoting", "Components\Alternet.UI.Integration.Remoting\Alternet.UI.Integration.Remoting.csproj", "{7D12EA9B-9C8B-4EFB-B52F-8FA76E19845D}"
EndProject
Project("{9A19103F-16F7-4668-BE54-9A1E7A4F7556}") = "Alternet.UI.Integration.UIXmlHostApp", "Components\Alternet.UI.Integration.UIXmlHostApp\Alternet.UI.Integration.UIXmlHostApp.csproj", "{C310E645-FE62-4D59-B125-0A07B1B86FA5}"
EndProject
Project("{FAE04EC0-301F-11D3-BF4B-00C04F79EFBC}") = "AlternetUIAppTemplate", "VisualStudio\Templates\AlternetUIAppTemplate\AlternetUIAppTemplate.csproj", "{27D4F11A-97B1-4801-9795-D5C6061252D0}"
EndProject
Project("{9A19103F-16F7-4668-BE54-9A1E7A4F7556}") = "Alternet.UI.Build.Tasks", "..\Alternet.UI.Build.Tasks\Alternet.UI.Build.Tasks.csproj", "{1598F549-5758-4069-8D55-76EB43398EDC}"
EndProject
Project("{9A19103F-16F7-4668-BE54-9A1E7A4F7556}") = "Alternet.UI.Interfaces", "..\Alternet.UI.Interfaces\Alternet.UI.Interfaces.csproj", "{1AE9B557-2F50-4674-8883-4A9A97EEA39C}"
EndProject
Project("{9A19103F-16F7-4668-BE54-9A1E7A4F7556}") = "Alternet.UI", "..\Alternet.UI\Alternet.UI.csproj", "{8F3A3489-9F8B-409B-905A-87D33E083121}"
EndProject
Project("{9A19103F-16F7-4668-BE54-9A1E7A4F7556}") = "Alternet.UI.Common", "..\Alternet.UI.Common\Alternet.UI.Common.csproj", "{9236A98A-DE72-402F-8EDC-84506312F5A1}"
EndProject
Global
	GlobalSection(SolutionConfigurationPlatforms) = preSolution
		Debug|Any CPU = Debug|Any CPU
		Debug|arm64 = Debug|arm64
		Debug|x64 = Debug|x64
		Debug|x86 = Debug|x86
		Release|Any CPU = Release|Any CPU
		Release|arm64 = Release|arm64
		Release|x64 = Release|x64
		Release|x86 = Release|x86
	EndGlobalSection
	GlobalSection(ProjectConfigurationPlatforms) = postSolution
		{AC7AE83B-3A71-4A17-A71F-F3698BBEEC0C}.Debug|Any CPU.ActiveCfg = Debug|Any CPU
		{AC7AE83B-3A71-4A17-A71F-F3698BBEEC0C}.Debug|Any CPU.Build.0 = Debug|Any CPU
		{AC7AE83B-3A71-4A17-A71F-F3698BBEEC0C}.Debug|arm64.ActiveCfg = Debug|Any CPU
		{AC7AE83B-3A71-4A17-A71F-F3698BBEEC0C}.Debug|arm64.Build.0 = Debug|Any CPU
		{AC7AE83B-3A71-4A17-A71F-F3698BBEEC0C}.Debug|x64.ActiveCfg = Debug|Any CPU
		{AC7AE83B-3A71-4A17-A71F-F3698BBEEC0C}.Debug|x64.Build.0 = Debug|Any CPU
		{AC7AE83B-3A71-4A17-A71F-F3698BBEEC0C}.Debug|x86.ActiveCfg = Debug|Any CPU
		{AC7AE83B-3A71-4A17-A71F-F3698BBEEC0C}.Debug|x86.Build.0 = Debug|Any CPU
		{AC7AE83B-3A71-4A17-A71F-F3698BBEEC0C}.Release|Any CPU.ActiveCfg = Release|Any CPU
		{AC7AE83B-3A71-4A17-A71F-F3698BBEEC0C}.Release|Any CPU.Build.0 = Release|Any CPU
		{AC7AE83B-3A71-4A17-A71F-F3698BBEEC0C}.Release|arm64.ActiveCfg = Release|Any CPU
		{AC7AE83B-3A71-4A17-A71F-F3698BBEEC0C}.Release|arm64.Build.0 = Release|Any CPU
		{AC7AE83B-3A71-4A17-A71F-F3698BBEEC0C}.Release|x64.ActiveCfg = Release|Any CPU
		{AC7AE83B-3A71-4A17-A71F-F3698BBEEC0C}.Release|x64.Build.0 = Release|Any CPU
		{AC7AE83B-3A71-4A17-A71F-F3698BBEEC0C}.Release|x86.ActiveCfg = Release|Any CPU
		{AC7AE83B-3A71-4A17-A71F-F3698BBEEC0C}.Release|x86.Build.0 = Release|Any CPU
		{2E6545DC-EF98-4C53-853B-C3307CB43A3F}.Debug|Any CPU.ActiveCfg = Debug|Any CPU
		{2E6545DC-EF98-4C53-853B-C3307CB43A3F}.Debug|Any CPU.Build.0 = Debug|Any CPU
		{2E6545DC-EF98-4C53-853B-C3307CB43A3F}.Debug|Any CPU.Deploy.0 = Debug|Any CPU
		{2E6545DC-EF98-4C53-853B-C3307CB43A3F}.Debug|arm64.ActiveCfg = Debug|Any CPU
		{2E6545DC-EF98-4C53-853B-C3307CB43A3F}.Debug|arm64.Build.0 = Debug|Any CPU
		{2E6545DC-EF98-4C53-853B-C3307CB43A3F}.Debug|arm64.Deploy.0 = Debug|Any CPU
		{2E6545DC-EF98-4C53-853B-C3307CB43A3F}.Debug|x64.ActiveCfg = Debug|Any CPU
		{2E6545DC-EF98-4C53-853B-C3307CB43A3F}.Debug|x64.Build.0 = Debug|Any CPU
		{2E6545DC-EF98-4C53-853B-C3307CB43A3F}.Debug|x64.Deploy.0 = Debug|Any CPU
		{2E6545DC-EF98-4C53-853B-C3307CB43A3F}.Debug|x86.ActiveCfg = Debug|Any CPU
		{2E6545DC-EF98-4C53-853B-C3307CB43A3F}.Debug|x86.Build.0 = Debug|Any CPU
		{2E6545DC-EF98-4C53-853B-C3307CB43A3F}.Debug|x86.Deploy.0 = Debug|Any CPU
		{2E6545DC-EF98-4C53-853B-C3307CB43A3F}.Release|Any CPU.ActiveCfg = Release|Any CPU
		{2E6545DC-EF98-4C53-853B-C3307CB43A3F}.Release|Any CPU.Build.0 = Release|Any CPU
		{2E6545DC-EF98-4C53-853B-C3307CB43A3F}.Release|Any CPU.Deploy.0 = Release|Any CPU
		{2E6545DC-EF98-4C53-853B-C3307CB43A3F}.Release|arm64.ActiveCfg = Release|Any CPU
		{2E6545DC-EF98-4C53-853B-C3307CB43A3F}.Release|arm64.Build.0 = Release|Any CPU
		{2E6545DC-EF98-4C53-853B-C3307CB43A3F}.Release|arm64.Deploy.0 = Release|Any CPU
		{2E6545DC-EF98-4C53-853B-C3307CB43A3F}.Release|x64.ActiveCfg = Release|Any CPU
		{2E6545DC-EF98-4C53-853B-C3307CB43A3F}.Release|x64.Build.0 = Release|Any CPU
		{2E6545DC-EF98-4C53-853B-C3307CB43A3F}.Release|x64.Deploy.0 = Release|Any CPU
		{2E6545DC-EF98-4C53-853B-C3307CB43A3F}.Release|x86.ActiveCfg = Release|Any CPU
		{2E6545DC-EF98-4C53-853B-C3307CB43A3F}.Release|x86.Build.0 = Release|Any CPU
		{2E6545DC-EF98-4C53-853B-C3307CB43A3F}.Release|x86.Deploy.0 = Release|Any CPU
		{C8BAAA98-50A3-4C04-8F8C-ED853EC0760C}.Debug|Any CPU.ActiveCfg = Debug|Any CPU
		{C8BAAA98-50A3-4C04-8F8C-ED853EC0760C}.Debug|Any CPU.Build.0 = Debug|Any CPU
		{C8BAAA98-50A3-4C04-8F8C-ED853EC0760C}.Debug|arm64.ActiveCfg = Debug|arm64
		{C8BAAA98-50A3-4C04-8F8C-ED853EC0760C}.Debug|arm64.Build.0 = Debug|arm64
		{C8BAAA98-50A3-4C04-8F8C-ED853EC0760C}.Debug|x64.ActiveCfg = Debug|Any CPU
		{C8BAAA98-50A3-4C04-8F8C-ED853EC0760C}.Debug|x64.Build.0 = Debug|Any CPU
		{C8BAAA98-50A3-4C04-8F8C-ED853EC0760C}.Debug|x86.ActiveCfg = Debug|x86
		{C8BAAA98-50A3-4C04-8F8C-ED853EC0760C}.Debug|x86.Build.0 = Debug|x86
		{C8BAAA98-50A3-4C04-8F8C-ED853EC0760C}.Release|Any CPU.ActiveCfg = Release|Any CPU
		{C8BAAA98-50A3-4C04-8F8C-ED853EC0760C}.Release|Any CPU.Build.0 = Release|Any CPU
		{C8BAAA98-50A3-4C04-8F8C-ED853EC0760C}.Release|arm64.ActiveCfg = Release|arm64
		{C8BAAA98-50A3-4C04-8F8C-ED853EC0760C}.Release|arm64.Build.0 = Release|arm64
		{C8BAAA98-50A3-4C04-8F8C-ED853EC0760C}.Release|x64.ActiveCfg = Release|Any CPU
		{C8BAAA98-50A3-4C04-8F8C-ED853EC0760C}.Release|x64.Build.0 = Release|Any CPU
		{C8BAAA98-50A3-4C04-8F8C-ED853EC0760C}.Release|x86.ActiveCfg = Release|x86
		{C8BAAA98-50A3-4C04-8F8C-ED853EC0760C}.Release|x86.Build.0 = Release|x86
		{D75DEAEE-D90C-4996-921A-6BA4DA4575F9}.Debug|Any CPU.ActiveCfg = Debug|Any CPU
		{D75DEAEE-D90C-4996-921A-6BA4DA4575F9}.Debug|Any CPU.Build.0 = Debug|Any CPU
		{D75DEAEE-D90C-4996-921A-6BA4DA4575F9}.Debug|arm64.ActiveCfg = Debug|Any CPU
		{D75DEAEE-D90C-4996-921A-6BA4DA4575F9}.Debug|arm64.Build.0 = Debug|Any CPU
		{D75DEAEE-D90C-4996-921A-6BA4DA4575F9}.Debug|x64.ActiveCfg = Debug|Any CPU
		{D75DEAEE-D90C-4996-921A-6BA4DA4575F9}.Debug|x64.Build.0 = Debug|Any CPU
		{D75DEAEE-D90C-4996-921A-6BA4DA4575F9}.Debug|x86.ActiveCfg = Debug|Any CPU
		{D75DEAEE-D90C-4996-921A-6BA4DA4575F9}.Debug|x86.Build.0 = Debug|Any CPU
		{D75DEAEE-D90C-4996-921A-6BA4DA4575F9}.Release|Any CPU.ActiveCfg = Release|Any CPU
		{D75DEAEE-D90C-4996-921A-6BA4DA4575F9}.Release|Any CPU.Build.0 = Release|Any CPU
		{D75DEAEE-D90C-4996-921A-6BA4DA4575F9}.Release|arm64.ActiveCfg = Release|Any CPU
		{D75DEAEE-D90C-4996-921A-6BA4DA4575F9}.Release|arm64.Build.0 = Release|Any CPU
		{D75DEAEE-D90C-4996-921A-6BA4DA4575F9}.Release|x64.ActiveCfg = Release|Any CPU
		{D75DEAEE-D90C-4996-921A-6BA4DA4575F9}.Release|x64.Build.0 = Release|Any CPU
		{D75DEAEE-D90C-4996-921A-6BA4DA4575F9}.Release|x86.ActiveCfg = Release|Any CPU
		{D75DEAEE-D90C-4996-921A-6BA4DA4575F9}.Release|x86.Build.0 = Release|Any CPU
		{7D12EA9B-9C8B-4EFB-B52F-8FA76E19845D}.Debug|Any CPU.ActiveCfg = Debug|Any CPU
		{7D12EA9B-9C8B-4EFB-B52F-8FA76E19845D}.Debug|Any CPU.Build.0 = Debug|Any CPU
		{7D12EA9B-9C8B-4EFB-B52F-8FA76E19845D}.Debug|arm64.ActiveCfg = Debug|Any CPU
		{7D12EA9B-9C8B-4EFB-B52F-8FA76E19845D}.Debug|arm64.Build.0 = Debug|Any CPU
		{7D12EA9B-9C8B-4EFB-B52F-8FA76E19845D}.Debug|x64.ActiveCfg = Debug|Any CPU
		{7D12EA9B-9C8B-4EFB-B52F-8FA76E19845D}.Debug|x64.Build.0 = Debug|Any CPU
		{7D12EA9B-9C8B-4EFB-B52F-8FA76E19845D}.Debug|x86.ActiveCfg = Debug|Any CPU
		{7D12EA9B-9C8B-4EFB-B52F-8FA76E19845D}.Debug|x86.Build.0 = Debug|Any CPU
		{7D12EA9B-9C8B-4EFB-B52F-8FA76E19845D}.Release|Any CPU.ActiveCfg = Release|Any CPU
		{7D12EA9B-9C8B-4EFB-B52F-8FA76E19845D}.Release|Any CPU.Build.0 = Release|Any CPU
		{7D12EA9B-9C8B-4EFB-B52F-8FA76E19845D}.Release|arm64.ActiveCfg = Release|Any CPU
		{7D12EA9B-9C8B-4EFB-B52F-8FA76E19845D}.Release|arm64.Build.0 = Release|Any CPU
		{7D12EA9B-9C8B-4EFB-B52F-8FA76E19845D}.Release|x64.ActiveCfg = Release|Any CPU
		{7D12EA9B-9C8B-4EFB-B52F-8FA76E19845D}.Release|x64.Build.0 = Release|Any CPU
		{7D12EA9B-9C8B-4EFB-B52F-8FA76E19845D}.Release|x86.ActiveCfg = Release|Any CPU
		{7D12EA9B-9C8B-4EFB-B52F-8FA76E19845D}.Release|x86.Build.0 = Release|Any CPU
		{C310E645-FE62-4D59-B125-0A07B1B86FA5}.Debug|Any CPU.ActiveCfg = Debug|Any CPU
		{C310E645-FE62-4D59-B125-0A07B1B86FA5}.Debug|Any CPU.Build.0 = Debug|Any CPU
		{C310E645-FE62-4D59-B125-0A07B1B86FA5}.Debug|arm64.ActiveCfg = Debug|Any CPU
		{C310E645-FE62-4D59-B125-0A07B1B86FA5}.Debug|arm64.Build.0 = Debug|Any CPU
		{C310E645-FE62-4D59-B125-0A07B1B86FA5}.Debug|x64.ActiveCfg = Debug|Any CPU
		{C310E645-FE62-4D59-B125-0A07B1B86FA5}.Debug|x64.Build.0 = Debug|Any CPU
		{C310E645-FE62-4D59-B125-0A07B1B86FA5}.Debug|x86.ActiveCfg = Debug|Any CPU
		{C310E645-FE62-4D59-B125-0A07B1B86FA5}.Debug|x86.Build.0 = Debug|Any CPU
		{C310E645-FE62-4D59-B125-0A07B1B86FA5}.Release|Any CPU.ActiveCfg = Release|Any CPU
		{C310E645-FE62-4D59-B125-0A07B1B86FA5}.Release|Any CPU.Build.0 = Release|Any CPU
		{C310E645-FE62-4D59-B125-0A07B1B86FA5}.Release|arm64.ActiveCfg = Release|Any CPU
		{C310E645-FE62-4D59-B125-0A07B1B86FA5}.Release|arm64.Build.0 = Release|Any CPU
		{C310E645-FE62-4D59-B125-0A07B1B86FA5}.Release|x64.ActiveCfg = Release|Any CPU
		{C310E645-FE62-4D59-B125-0A07B1B86FA5}.Release|x64.Build.0 = Release|Any CPU
		{C310E645-FE62-4D59-B125-0A07B1B86FA5}.Release|x86.ActiveCfg = Release|Any CPU
		{C310E645-FE62-4D59-B125-0A07B1B86FA5}.Release|x86.Build.0 = Release|Any CPU
		{27D4F11A-97B1-4801-9795-D5C6061252D0}.Debug|Any CPU.ActiveCfg = Debug|Any CPU
		{27D4F11A-97B1-4801-9795-D5C6061252D0}.Debug|Any CPU.Build.0 = Debug|Any CPU
		{27D4F11A-97B1-4801-9795-D5C6061252D0}.Debug|arm64.ActiveCfg = Debug|arm64
		{27D4F11A-97B1-4801-9795-D5C6061252D0}.Debug|arm64.Build.0 = Debug|arm64
		{27D4F11A-97B1-4801-9795-D5C6061252D0}.Debug|x64.ActiveCfg = Debug|Any CPU
		{27D4F11A-97B1-4801-9795-D5C6061252D0}.Debug|x64.Build.0 = Debug|Any CPU
		{27D4F11A-97B1-4801-9795-D5C6061252D0}.Debug|x86.ActiveCfg = Debug|x86
		{27D4F11A-97B1-4801-9795-D5C6061252D0}.Debug|x86.Build.0 = Debug|x86
		{27D4F11A-97B1-4801-9795-D5C6061252D0}.Release|Any CPU.ActiveCfg = Release|Any CPU
		{27D4F11A-97B1-4801-9795-D5C6061252D0}.Release|Any CPU.Build.0 = Release|Any CPU
		{27D4F11A-97B1-4801-9795-D5C6061252D0}.Release|arm64.ActiveCfg = Release|arm64
		{27D4F11A-97B1-4801-9795-D5C6061252D0}.Release|arm64.Build.0 = Release|arm64
		{27D4F11A-97B1-4801-9795-D5C6061252D0}.Release|x64.ActiveCfg = Release|Any CPU
		{27D4F11A-97B1-4801-9795-D5C6061252D0}.Release|x64.Build.0 = Release|Any CPU
		{27D4F11A-97B1-4801-9795-D5C6061252D0}.Release|x86.ActiveCfg = Release|x86
		{27D4F11A-97B1-4801-9795-D5C6061252D0}.Release|x86.Build.0 = Release|x86
		{1598F549-5758-4069-8D55-76EB43398EDC}.Debug|Any CPU.ActiveCfg = Debug|Any CPU
		{1598F549-5758-4069-8D55-76EB43398EDC}.Debug|Any CPU.Build.0 = Debug|Any CPU
		{1598F549-5758-4069-8D55-76EB43398EDC}.Debug|arm64.ActiveCfg = Debug|Any CPU
		{1598F549-5758-4069-8D55-76EB43398EDC}.Debug|arm64.Build.0 = Debug|Any CPU
		{1598F549-5758-4069-8D55-76EB43398EDC}.Debug|x64.ActiveCfg = Debug|Any CPU
		{1598F549-5758-4069-8D55-76EB43398EDC}.Debug|x64.Build.0 = Debug|Any CPU
		{1598F549-5758-4069-8D55-76EB43398EDC}.Debug|x86.ActiveCfg = Debug|Any CPU
		{1598F549-5758-4069-8D55-76EB43398EDC}.Debug|x86.Build.0 = Debug|Any CPU
		{1598F549-5758-4069-8D55-76EB43398EDC}.Release|Any CPU.ActiveCfg = Release|Any CPU
		{1598F549-5758-4069-8D55-76EB43398EDC}.Release|Any CPU.Build.0 = Release|Any CPU
		{1598F549-5758-4069-8D55-76EB43398EDC}.Release|arm64.ActiveCfg = Release|Any CPU
		{1598F549-5758-4069-8D55-76EB43398EDC}.Release|arm64.Build.0 = Release|Any CPU
		{1598F549-5758-4069-8D55-76EB43398EDC}.Release|x64.ActiveCfg = Release|Any CPU
		{1598F549-5758-4069-8D55-76EB43398EDC}.Release|x64.Build.0 = Release|Any CPU
		{1598F549-5758-4069-8D55-76EB43398EDC}.Release|x86.ActiveCfg = Release|Any CPU
		{1598F549-5758-4069-8D55-76EB43398EDC}.Release|x86.Build.0 = Release|Any CPU
		{1AE9B557-2F50-4674-8883-4A9A97EEA39C}.Debug|Any CPU.ActiveCfg = Debug|Any CPU
		{1AE9B557-2F50-4674-8883-4A9A97EEA39C}.Debug|Any CPU.Build.0 = Debug|Any CPU
		{1AE9B557-2F50-4674-8883-4A9A97EEA39C}.Debug|arm64.ActiveCfg = Debug|Any CPU
		{1AE9B557-2F50-4674-8883-4A9A97EEA39C}.Debug|arm64.Build.0 = Debug|Any CPU
		{1AE9B557-2F50-4674-8883-4A9A97EEA39C}.Debug|x64.ActiveCfg = Debug|Any CPU
		{1AE9B557-2F50-4674-8883-4A9A97EEA39C}.Debug|x64.Build.0 = Debug|Any CPU
		{1AE9B557-2F50-4674-8883-4A9A97EEA39C}.Debug|x86.ActiveCfg = Debug|Any CPU
		{1AE9B557-2F50-4674-8883-4A9A97EEA39C}.Debug|x86.Build.0 = Debug|Any CPU
		{1AE9B557-2F50-4674-8883-4A9A97EEA39C}.Release|Any CPU.ActiveCfg = Release|Any CPU
		{1AE9B557-2F50-4674-8883-4A9A97EEA39C}.Release|Any CPU.Build.0 = Release|Any CPU
		{1AE9B557-2F50-4674-8883-4A9A97EEA39C}.Release|arm64.ActiveCfg = Release|Any CPU
		{1AE9B557-2F50-4674-8883-4A9A97EEA39C}.Release|arm64.Build.0 = Release|Any CPU
		{1AE9B557-2F50-4674-8883-4A9A97EEA39C}.Release|x64.ActiveCfg = Release|Any CPU
		{1AE9B557-2F50-4674-8883-4A9A97EEA39C}.Release|x64.Build.0 = Release|Any CPU
		{1AE9B557-2F50-4674-8883-4A9A97EEA39C}.Release|x86.ActiveCfg = Release|Any CPU
		{1AE9B557-2F50-4674-8883-4A9A97EEA39C}.Release|x86.Build.0 = Release|Any CPU
		{8F3A3489-9F8B-409B-905A-87D33E083121}.Debug|Any CPU.ActiveCfg = Debug|Any CPU
		{8F3A3489-9F8B-409B-905A-87D33E083121}.Debug|Any CPU.Build.0 = Debug|Any CPU
		{8F3A3489-9F8B-409B-905A-87D33E083121}.Debug|arm64.ActiveCfg = Debug|Any CPU
		{8F3A3489-9F8B-409B-905A-87D33E083121}.Debug|arm64.Build.0 = Debug|Any CPU
		{8F3A3489-9F8B-409B-905A-87D33E083121}.Debug|x64.ActiveCfg = Debug|x64
		{8F3A3489-9F8B-409B-905A-87D33E083121}.Debug|x64.Build.0 = Debug|x64
		{8F3A3489-9F8B-409B-905A-87D33E083121}.Debug|x86.ActiveCfg = Debug|Any CPU
		{8F3A3489-9F8B-409B-905A-87D33E083121}.Debug|x86.Build.0 = Debug|Any CPU
		{8F3A3489-9F8B-409B-905A-87D33E083121}.Release|Any CPU.ActiveCfg = Release|Any CPU
		{8F3A3489-9F8B-409B-905A-87D33E083121}.Release|Any CPU.Build.0 = Release|Any CPU
		{8F3A3489-9F8B-409B-905A-87D33E083121}.Release|arm64.ActiveCfg = Release|Any CPU
		{8F3A3489-9F8B-409B-905A-87D33E083121}.Release|arm64.Build.0 = Release|Any CPU
		{8F3A3489-9F8B-409B-905A-87D33E083121}.Release|x64.ActiveCfg = Release|x64
		{8F3A3489-9F8B-409B-905A-87D33E083121}.Release|x64.Build.0 = Release|x64
		{8F3A3489-9F8B-409B-905A-87D33E083121}.Release|x86.ActiveCfg = Release|Any CPU
		{8F3A3489-9F8B-409B-905A-87D33E083121}.Release|x86.Build.0 = Release|Any CPU
		{9236A98A-DE72-402F-8EDC-84506312F5A1}.Debug|Any CPU.ActiveCfg = Debug|Any CPU
		{9236A98A-DE72-402F-8EDC-84506312F5A1}.Debug|Any CPU.Build.0 = Debug|Any CPU
		{9236A98A-DE72-402F-8EDC-84506312F5A1}.Debug|arm64.ActiveCfg = Debug|Any CPU
		{9236A98A-DE72-402F-8EDC-84506312F5A1}.Debug|arm64.Build.0 = Debug|Any CPU
		{9236A98A-DE72-402F-8EDC-84506312F5A1}.Debug|x64.ActiveCfg = Debug|x64
		{9236A98A-DE72-402F-8EDC-84506312F5A1}.Debug|x64.Build.0 = Debug|x64
		{9236A98A-DE72-402F-8EDC-84506312F5A1}.Debug|x86.ActiveCfg = Debug|Any CPU
		{9236A98A-DE72-402F-8EDC-84506312F5A1}.Debug|x86.Build.0 = Debug|Any CPU
		{9236A98A-DE72-402F-8EDC-84506312F5A1}.Release|Any CPU.ActiveCfg = Release|Any CPU
		{9236A98A-DE72-402F-8EDC-84506312F5A1}.Release|Any CPU.Build.0 = Release|Any CPU
		{9236A98A-DE72-402F-8EDC-84506312F5A1}.Release|arm64.ActiveCfg = Release|Any CPU
		{9236A98A-DE72-402F-8EDC-84506312F5A1}.Release|arm64.Build.0 = Release|Any CPU
		{9236A98A-DE72-402F-8EDC-84506312F5A1}.Release|x64.ActiveCfg = Release|x64
		{9236A98A-DE72-402F-8EDC-84506312F5A1}.Release|x64.Build.0 = Release|x64
		{9236A98A-DE72-402F-8EDC-84506312F5A1}.Release|x86.ActiveCfg = Release|Any CPU
		{9236A98A-DE72-402F-8EDC-84506312F5A1}.Release|x86.Build.0 = Release|Any CPU
	EndGlobalSection
	GlobalSection(SolutionProperties) = preSolution
		HideSolutionNode = FALSE
	EndGlobalSection
	GlobalSection(NestedProjects) = preSolution
		{AC7AE83B-3A71-4A17-A71F-F3698BBEEC0C} = {D51AB0F3-723D-46DC-B0AC-C7EB7E25EFA7}
		{2E6545DC-EF98-4C53-853B-C3307CB43A3F} = {28EAAF64-EB3C-4C76-91A9-04A9FB62F5DE}
		{1C97784E-A38A-4AD7-8B0E-E6F39A03AE4C} = {28EAAF64-EB3C-4C76-91A9-04A9FB62F5DE}
		{C8BAAA98-50A3-4C04-8F8C-ED853EC0760C} = {1C97784E-A38A-4AD7-8B0E-E6F39A03AE4C}
		{D75DEAEE-D90C-4996-921A-6BA4DA4575F9} = {90C73766-A282-4D92-8859-A3AA50A1B10A}
		{7D12EA9B-9C8B-4EFB-B52F-8FA76E19845D} = {D51AB0F3-723D-46DC-B0AC-C7EB7E25EFA7}
		{C310E645-FE62-4D59-B125-0A07B1B86FA5} = {D51AB0F3-723D-46DC-B0AC-C7EB7E25EFA7}
		{27D4F11A-97B1-4801-9795-D5C6061252D0} = {1C97784E-A38A-4AD7-8B0E-E6F39A03AE4C}
		{1598F549-5758-4069-8D55-76EB43398EDC} = {D51AB0F3-723D-46DC-B0AC-C7EB7E25EFA7}
		{1AE9B557-2F50-4674-8883-4A9A97EEA39C} = {D51AB0F3-723D-46DC-B0AC-C7EB7E25EFA7}
		{8F3A3489-9F8B-409B-905A-87D33E083121} = {D51AB0F3-723D-46DC-B0AC-C7EB7E25EFA7}
		{9236A98A-DE72-402F-8EDC-84506312F5A1} = {D51AB0F3-723D-46DC-B0AC-C7EB7E25EFA7}
	EndGlobalSection
EndGlobal
