
Microsoft Visual Studio Solution File, Format Version 12.00
# Visual Studio 14
VisualStudioVersion = 14.0.25420.1
MinimumVisualStudioVersion = 10.0.40219.1
Project("{FAE04EC0-301F-11D3-BF4B-00C04F79EFBC}") = "SolutionTest", "SolutionTest.csproj", "{81EA8E18-32FA-4951-98C6-B7874135C466}"
EndProject
Project("{FAE04EC0-301F-11D3-BF4B-00C04F79EFBC}") = "ClassLibrary", "ClassLibrary\ClassLibrary.csproj", "{99B52661-9F8A-4BC5-93CA-B81DE42813E1}"
EndProject
Global
	GlobalSection(SolutionConfigurationPlatforms) = preSolution
		Debug|Any CPU = Debug|Any CPU
		Release|Any CPU = Release|Any CPU
	EndGlobalSection
	GlobalSection(ProjectConfigurationPlatforms) = postSolution
		{81EA8E18-32FA-4951-98C6-B7874135C466}.Debug|Any CPU.ActiveCfg = Debug|Any CPU
		{81EA8E18-32FA-4951-98C6-B7874135C466}.Debug|Any CPU.Build.0 = Debug|Any CPU
		{81EA8E18-32FA-4951-98C6-B7874135C466}.Release|Any CPU.ActiveCfg = Release|Any CPU
		{81EA8E18-32FA-4951-98C6-B7874135C466}.Release|Any CPU.Build.0 = Release|Any CPU
		{99B52661-9F8A-4BC5-93CA-B81DE42813E1}.Debug|Any CPU.ActiveCfg = Debug|Any CPU
		{99B52661-9F8A-4BC5-93CA-B81DE42813E1}.Debug|Any CPU.Build.0 = Debug|Any CPU
		{99B52661-9F8A-4BC5-93CA-B81DE42813E1}.Release|Any CPU.ActiveCfg = Release|Any CPU
		{99B52661-9F8A-4BC5-93CA-B81DE42813E1}.Release|Any CPU.Build.0 = Release|Any CPU
	EndGlobalSection
	GlobalSection(SolutionProperties) = preSolution
		HideSolutionNode = FALSE
	EndGlobalSection
EndGlobal
