
Microsoft Visual Studio Solution File, Format Version 12.00
# Visual Studio Version 17
VisualStudioVersion = 17.13.35828.75 d17.13
MinimumVisualStudioVersion = 10.0.40219.1
Project("{FAE04EC0-301F-11D3-BF4B-00C04F79EFBC}") = "MauiControlsTest", "MauiControlsTest.csproj", "{A38AD722-F596-12FC-3EBC-E6D43021B85E}"
EndProject
Global
	GlobalSection(SolutionConfigurationPlatforms) = preSolution
		Debug|Any CPU = Debug|Any CPU
		Release|Any CPU = Release|Any CPU
	EndGlobalSection
	GlobalSection(ProjectConfigurationPlatforms) = postSolution
		{A38AD722-F596-12FC-3EBC-E6D43021B85E}.Debug|Any CPU.ActiveCfg = Debug|Any CPU
		{A38AD722-F596-12FC-3EBC-E6D43021B85E}.Debug|Any CPU.Build.0 = Debug|Any CPU
		{A38AD722-F596-12FC-3EBC-E6D43021B85E}.Debug|Any CPU.Deploy.0 = Debug|Any CPU
		{A38AD722-F596-12FC-3EBC-E6D43021B85E}.Release|Any CPU.ActiveCfg = Release|Any CPU
		{A38AD722-F596-12FC-3EBC-E6D43021B85E}.Release|Any CPU.Build.0 = Release|Any CPU
		{A38AD722-F596-12FC-3EBC-E6D43021B85E}.Release|Any CPU.Deploy.0 = Release|Any CPU
	EndGlobalSection
	GlobalSection(SolutionProperties) = preSolution
		HideSolutionNode = FALSE
	EndGlobalSection
	GlobalSection(ExtensibilityGlobals) = postSolution
		SolutionGuid = {F281D0C4-7680-46C4-97A2-956D3C07D6E2}
	EndGlobalSection
EndGlobal
