
Microsoft Visual Studio Solution File, Format Version 12.00
# Visual Studio Version 17
VisualStudioVersion = 17.0.32112.339
MinimumVisualStudioVersion = 10.0.40219.1
Project("{9A19103F-16F7-4668-BE54-9A1E7A4F7556}") = "Alternet.UI", "Alternet.UI\Alternet.UI.csproj", "{04851FA9-146A-4D00-84C6-3D20040289D0}"
	ProjectSection(ProjectDependencies) = postProject
		{79F2529C-C711-457A-9087-325C333CDE60} = {79F2529C-C711-457A-9087-325C333CDE60}
	EndProjectSection
EndProject
Project("{8BC9CEB8-8B4A-11D0-8D11-00A0C91BC942}") = "Alternet.UI.Pal", "Alternet.UI.Pal\Alternet.UI.Pal.vcxproj", "{79F2529C-C711-457A-9087-325C333CDE60}"
EndProject
Project("{2150E333-8FDC-42A3-9474-1A3956D46DE8}") = "01. Components", "01. Components", "{E79FDEAE-7AAF-4EE7-ACD6-A356BB789603}"
EndProject
Project("{2150E333-8FDC-42A3-9474-1A3956D46DE8}") = "02. Native API", "02. Native API", "{5E9B13E1-8AC3-4BB4-8BAB-EED296EBD253}"
EndProject
Project("{2150E333-8FDC-42A3-9474-1A3956D46DE8}") = "05. Samples", "05. Samples", "{B3B7BFD7-CEFB-46C2-BAF5-710D858DE73B}"
EndProject
Project("{9A19103F-16F7-4668-BE54-9A1E7A4F7556}") = "NativeApi", "NativeApi\NativeApi\NativeApi.csproj", "{4D0B4DDF-9CCB-4BA2-A4D6-D12A2686737A}"
EndProject
Project("{9A19103F-16F7-4668-BE54-9A1E7A4F7556}") = "NativeApi.Common", "NativeApi\NativeApi.Common\NativeApi.Common.csproj", "{BD3B206E-632F-4D79-AF94-566A9D2B759E}"
EndProject
Project("{9A19103F-16F7-4668-BE54-9A1E7A4F7556}") = "NativeApi.Generator", "NativeApi\NativeApi.Generator\NativeApi.Generator.csproj", "{4C0B1499-2320-47E2-852C-9DDD9A0BA3EF}"
EndProject
Project("{9A19103F-16F7-4668-BE54-9A1E7A4F7556}") = "Alternet.UI.Build.Tasks", "Alternet.UI.Build.Tasks\Alternet.UI.Build.Tasks.csproj", "{D26BAA1B-E01F-4F84-9991-7C8E7C9387F2}"
EndProject
Project("{2150E333-8FDC-42A3-9474-1A3956D46DE8}") = "04. Tools", "04. Tools", "{329A8C06-CA7B-42DF-8261-84A5E289290B}"
EndProject
Project("{9A19103F-16F7-4668-BE54-9A1E7A4F7556}") = "Alternet.UI.Build.Tasks.ApiInfoCollector", "Alternet.UI.Build.Tasks\Alternet.UI.Build.Tasks.ApiInfoCollector\Alternet.UI.Build.Tasks.ApiInfoCollector.csproj", "{8EB9020C-A880-4F8A-BA24-BC414E85F3A5}"
EndProject
Project("{2150E333-8FDC-42A3-9474-1A3956D46DE8}") = "Build", "Build", "{D27E40C1-FD1A-483A-8D7E-C1B03DE93B19}"
EndProject
Project("{2150E333-8FDC-42A3-9474-1A3956D46DE8}") = "Versioning", "Versioning", "{EA7937C6-0A05-419E-8600-99176911053B}"
EndProject
Project("{9A19103F-16F7-4668-BE54-9A1E7A4F7556}") = "Alternet.UI.Versioning", "Tools\Versioning\Alternet.UI.Versioning\Alternet.UI.Versioning.csproj", "{85DFE479-BF62-471D-8677-6CEBD9EB724F}"
EndProject
Project("{9A19103F-16F7-4668-BE54-9A1E7A4F7556}") = "Alternet.UI.VersionTool.Cli", "Tools\Versioning\Alternet.UI.VersionTool.Cli\Alternet.UI.VersionTool.Cli.csproj", "{F85FA19A-FC05-4337-B592-841637A83C4E}"
EndProject
Project("{2150E333-8FDC-42A3-9474-1A3956D46DE8}") = "03. Solution Items", "03. Solution Items", "{96B74777-AF68-438D-90CC-B80FA6A214B9}"
	ProjectSection(SolutionItems) = preProject
		.editorconfig = .editorconfig
		Directory.Build.targets = Directory.Build.targets
		NuGet.config = NuGet.config
		stylecop.json = stylecop.json
	EndProjectSection
EndProject
Project("{9A19103F-16F7-4668-BE54-9A1E7A4F7556}") = "Alternet.UI.RunCmd", "Tools\Alternet.UI.RunCmd\Alternet.UI.RunCmd.csproj", "{095C1DB0-1DF4-4549-B21B-9327FF2EAD06}"
EndProject
Project("{9A19103F-16F7-4668-BE54-9A1E7A4F7556}") = "Alternet.UI.Build.Test", "Tools\Alternet.UI.Build.Test\Alternet.UI.Build.Test.csproj", "{78A039F0-3C72-4FAC-96CC-4389DCBE73A5}"
EndProject
Project("{9A19103F-16F7-4668-BE54-9A1E7A4F7556}") = "Alternet.UI.Common", "Alternet.UI.Common\Alternet.UI.Common.csproj", "{C730D496-E68F-4D8F-8608-C835D3A5FC50}"
EndProject
Project("{9A19103F-16F7-4668-BE54-9A1E7A4F7556}") = "Alternet.UI.Generator", "Alternet.UI.Generator\Alternet.UI.Generator.csproj", "{98814873-6205-4C61-9916-893179837A27}"
EndProject
Project("{9A19103F-16F7-4668-BE54-9A1E7A4F7556}") = "Alternet.UI.Maui", "Alternet.UI.Maui\Alternet.UI.Maui.csproj", "{02CD867E-280C-413F-9EB0-07E0D9D27F1F}"
EndProject
Project("{9A19103F-16F7-4668-BE54-9A1E7A4F7556}") = "Alternet.UI.WxWidgets", "Alternet.UI.WxWidgets\Alternet.UI.WxWidgets.csproj", "{609082A3-BE37-41B0-88C1-F40BD4E32285}"
EndProject
Project("{9A19103F-16F7-4668-BE54-9A1E7A4F7556}") = "MauiTest", "Tests\MauiTest\MauiTest.csproj", "{CE51F87B-CC9C-4080-8FEF-B50F4A89FFDA}"
EndProject
Project("{9A19103F-16F7-4668-BE54-9A1E7A4F7556}") = "ControlsSampleDll", "Samples\ControlsSampleDll\ControlsSampleDll.csproj", "{3AE86D98-336B-4DB1-ADFE-02084044BB5A}"
EndProject
Project("{9A19103F-16F7-4668-BE54-9A1E7A4F7556}") = "ControlsSample", "Samples\ControlsSample\ControlsSample.csproj", "{25399770-EC6C-4C7C-9573-5CB32D002B2A}"
EndProject
Project("{2150E333-8FDC-42A3-9474-1A3956D46DE8}") = "PreviewFile", "PreviewFile", "{109AC684-1407-49CD-8925-EE415EB01881}"
EndProject
Project("{9A19103F-16F7-4668-BE54-9A1E7A4F7556}") = "PreviewSample", "Samples\PreviewSample\PreviewSample.csproj", "{48E9A427-2C90-4441-A132-8E565D08C426}"
EndProject
Project("{9A19103F-16F7-4668-BE54-9A1E7A4F7556}") = "Alternet.UI.Integration.Remoting", "Integration\Components\Alternet.UI.Integration.Remoting\Alternet.UI.Integration.Remoting.csproj", "{28332C65-4E6E-47FB-B367-32EFAB5B7B7D}"
EndProject
Project("{9A19103F-16F7-4668-BE54-9A1E7A4F7556}") = "Alternet.UI.Integration.UIXmlHostApp", "Integration\Components\Alternet.UI.Integration.UIXmlHostApp\Alternet.UI.Integration.UIXmlHostApp.csproj", "{A7C0DF95-0DFD-4BEB-B84F-3152DE9A61E8}"
EndProject
Project("{9A19103F-16F7-4668-BE54-9A1E7A4F7556}") = "ApiDocDll", "Samples\ApiDocDll\ApiDocDll.csproj", "{689EB3F5-7302-41EE-A425-03440F7283AA}"
EndProject
Project("{FAE04EC0-301F-11D3-BF4B-00C04F79EFBC}") = "MauiControlsTest", "Tests\MauiControlsTest\MauiControlsTest.csproj", "{C7B3C844-F6D7-49CD-A83E-C759F6CB6A3E}"
EndProject
Project("{FAE04EC0-301F-11D3-BF4B-00C04F79EFBC}") = "Alternet.UI.RunCmdAdv", "Tools\Alternet.UI.RunCmdAdv\Alternet.UI.RunCmdAdv.csproj", "{C88A1F9E-0B60-446F-AC95-3960698855FC}"
EndProject
Project("{FAE04EC0-301F-11D3-BF4B-00C04F79EFBC}") = "Alternet.UI.Enums", "Alternet.UI.Common\Alternet.UI.Enums.csproj", "{E27DBDAF-FFA2-26F1-E0FC-6B90F9DD7E95}"
EndProject
Global
	GlobalSection(SolutionConfigurationPlatforms) = preSolution
		Debug|Any CPU = Debug|Any CPU
		Debug|Win32 = Debug|Win32
		Debug|x64 = Debug|x64
		Debug|x86 = Debug|x86
		DLL Debug|Any CPU = DLL Debug|Any CPU
		DLL Debug|Win32 = DLL Debug|Win32
		DLL Debug|x64 = DLL Debug|x64
		DLL Debug|x86 = DLL Debug|x86
		DLL Release|Any CPU = DLL Release|Any CPU
		DLL Release|Win32 = DLL Release|Win32
		DLL Release|x64 = DLL Release|x64
		DLL Release|x86 = DLL Release|x86
		Release|Any CPU = Release|Any CPU
		Release|Win32 = Release|Win32
		Release|x64 = Release|x64
		Release|x86 = Release|x86
	EndGlobalSection
	GlobalSection(ProjectConfigurationPlatforms) = postSolution
		{04851FA9-146A-4D00-84C6-3D20040289D0}.Debug|Any CPU.ActiveCfg = Debug|Any CPU
		{04851FA9-146A-4D00-84C6-3D20040289D0}.Debug|Any CPU.Build.0 = Debug|Any CPU
		{04851FA9-146A-4D00-84C6-3D20040289D0}.Debug|Win32.ActiveCfg = Debug|Any CPU
		{04851FA9-146A-4D00-84C6-3D20040289D0}.Debug|Win32.Build.0 = Debug|Any CPU
		{04851FA9-146A-4D00-84C6-3D20040289D0}.Debug|x64.ActiveCfg = Debug|x64
		{04851FA9-146A-4D00-84C6-3D20040289D0}.Debug|x64.Build.0 = Debug|x64
		{04851FA9-146A-4D00-84C6-3D20040289D0}.Debug|x86.ActiveCfg = Debug|x86
		{04851FA9-146A-4D00-84C6-3D20040289D0}.Debug|x86.Build.0 = Debug|x86
		{04851FA9-146A-4D00-84C6-3D20040289D0}.DLL Debug|Any CPU.ActiveCfg = Debug|Any CPU
		{04851FA9-146A-4D00-84C6-3D20040289D0}.DLL Debug|Any CPU.Build.0 = Debug|Any CPU
		{04851FA9-146A-4D00-84C6-3D20040289D0}.DLL Debug|Win32.ActiveCfg = Debug|Any CPU
		{04851FA9-146A-4D00-84C6-3D20040289D0}.DLL Debug|Win32.Build.0 = Debug|Any CPU
		{04851FA9-146A-4D00-84C6-3D20040289D0}.DLL Debug|x64.ActiveCfg = Debug|Any CPU
		{04851FA9-146A-4D00-84C6-3D20040289D0}.DLL Debug|x64.Build.0 = Debug|Any CPU
		{04851FA9-146A-4D00-84C6-3D20040289D0}.DLL Debug|x86.ActiveCfg = Debug|Any CPU
		{04851FA9-146A-4D00-84C6-3D20040289D0}.DLL Debug|x86.Build.0 = Debug|Any CPU
		{04851FA9-146A-4D00-84C6-3D20040289D0}.DLL Release|Any CPU.ActiveCfg = Release|Any CPU
		{04851FA9-146A-4D00-84C6-3D20040289D0}.DLL Release|Any CPU.Build.0 = Release|Any CPU
		{04851FA9-146A-4D00-84C6-3D20040289D0}.DLL Release|Win32.ActiveCfg = Release|Any CPU
		{04851FA9-146A-4D00-84C6-3D20040289D0}.DLL Release|Win32.Build.0 = Release|Any CPU
		{04851FA9-146A-4D00-84C6-3D20040289D0}.DLL Release|x64.ActiveCfg = Release|Any CPU
		{04851FA9-146A-4D00-84C6-3D20040289D0}.DLL Release|x64.Build.0 = Release|Any CPU
		{04851FA9-146A-4D00-84C6-3D20040289D0}.DLL Release|x86.ActiveCfg = Release|Any CPU
		{04851FA9-146A-4D00-84C6-3D20040289D0}.DLL Release|x86.Build.0 = Release|Any CPU
		{04851FA9-146A-4D00-84C6-3D20040289D0}.Release|Any CPU.ActiveCfg = Release|Any CPU
		{04851FA9-146A-4D00-84C6-3D20040289D0}.Release|Any CPU.Build.0 = Release|Any CPU
		{04851FA9-146A-4D00-84C6-3D20040289D0}.Release|Win32.ActiveCfg = Release|Any CPU
		{04851FA9-146A-4D00-84C6-3D20040289D0}.Release|Win32.Build.0 = Release|Any CPU
		{04851FA9-146A-4D00-84C6-3D20040289D0}.Release|x64.ActiveCfg = Release|Any CPU
		{04851FA9-146A-4D00-84C6-3D20040289D0}.Release|x64.Build.0 = Release|Any CPU
		{04851FA9-146A-4D00-84C6-3D20040289D0}.Release|x86.ActiveCfg = Release|Any CPU
		{04851FA9-146A-4D00-84C6-3D20040289D0}.Release|x86.Build.0 = Release|Any CPU
		{79F2529C-C711-457A-9087-325C333CDE60}.Debug|Any CPU.ActiveCfg = Debug|x64
		{79F2529C-C711-457A-9087-325C333CDE60}.Debug|Any CPU.Build.0 = Debug|x64
		{79F2529C-C711-457A-9087-325C333CDE60}.Debug|Win32.ActiveCfg = Debug|Win32
		{79F2529C-C711-457A-9087-325C333CDE60}.Debug|Win32.Build.0 = Debug|Win32
		{79F2529C-C711-457A-9087-325C333CDE60}.Debug|x64.ActiveCfg = Debug|x64
		{79F2529C-C711-457A-9087-325C333CDE60}.Debug|x64.Build.0 = Debug|x64
		{79F2529C-C711-457A-9087-325C333CDE60}.Debug|x86.ActiveCfg = Debug|Win32
		{79F2529C-C711-457A-9087-325C333CDE60}.Debug|x86.Build.0 = Debug|Win32
		{79F2529C-C711-457A-9087-325C333CDE60}.DLL Debug|Any CPU.ActiveCfg = Debug|x64
		{79F2529C-C711-457A-9087-325C333CDE60}.DLL Debug|Any CPU.Build.0 = Debug|x64
		{79F2529C-C711-457A-9087-325C333CDE60}.DLL Debug|Win32.ActiveCfg = Debug|Win32
		{79F2529C-C711-457A-9087-325C333CDE60}.DLL Debug|Win32.Build.0 = Debug|Win32
		{79F2529C-C711-457A-9087-325C333CDE60}.DLL Debug|x64.ActiveCfg = Debug|x64
		{79F2529C-C711-457A-9087-325C333CDE60}.DLL Debug|x64.Build.0 = Debug|x64
		{79F2529C-C711-457A-9087-325C333CDE60}.DLL Debug|x86.ActiveCfg = Debug|Win32
		{79F2529C-C711-457A-9087-325C333CDE60}.DLL Debug|x86.Build.0 = Debug|Win32
		{79F2529C-C711-457A-9087-325C333CDE60}.DLL Release|Any CPU.ActiveCfg = Release|x64
		{79F2529C-C711-457A-9087-325C333CDE60}.DLL Release|Any CPU.Build.0 = Release|x64
		{79F2529C-C711-457A-9087-325C333CDE60}.DLL Release|Win32.ActiveCfg = Release|Win32
		{79F2529C-C711-457A-9087-325C333CDE60}.DLL Release|Win32.Build.0 = Release|Win32
		{79F2529C-C711-457A-9087-325C333CDE60}.DLL Release|x64.ActiveCfg = Release|x64
		{79F2529C-C711-457A-9087-325C333CDE60}.DLL Release|x64.Build.0 = Release|x64
		{79F2529C-C711-457A-9087-325C333CDE60}.DLL Release|x86.ActiveCfg = Release|Win32
		{79F2529C-C711-457A-9087-325C333CDE60}.DLL Release|x86.Build.0 = Release|Win32
		{79F2529C-C711-457A-9087-325C333CDE60}.Release|Any CPU.ActiveCfg = Release|x64
		{79F2529C-C711-457A-9087-325C333CDE60}.Release|Any CPU.Build.0 = Release|x64
		{79F2529C-C711-457A-9087-325C333CDE60}.Release|Win32.ActiveCfg = Release|Win32
		{79F2529C-C711-457A-9087-325C333CDE60}.Release|Win32.Build.0 = Release|Win32
		{79F2529C-C711-457A-9087-325C333CDE60}.Release|x64.ActiveCfg = Release|x64
		{79F2529C-C711-457A-9087-325C333CDE60}.Release|x64.Build.0 = Release|x64
		{79F2529C-C711-457A-9087-325C333CDE60}.Release|x86.ActiveCfg = Release|Win32
		{79F2529C-C711-457A-9087-325C333CDE60}.Release|x86.Build.0 = Release|Win32
		{4D0B4DDF-9CCB-4BA2-A4D6-D12A2686737A}.Debug|Any CPU.ActiveCfg = Debug|Any CPU
		{4D0B4DDF-9CCB-4BA2-A4D6-D12A2686737A}.Debug|Any CPU.Build.0 = Debug|Any CPU
		{4D0B4DDF-9CCB-4BA2-A4D6-D12A2686737A}.Debug|Win32.ActiveCfg = Debug|Any CPU
		{4D0B4DDF-9CCB-4BA2-A4D6-D12A2686737A}.Debug|Win32.Build.0 = Debug|Any CPU
		{4D0B4DDF-9CCB-4BA2-A4D6-D12A2686737A}.Debug|x64.ActiveCfg = Debug|Any CPU
		{4D0B4DDF-9CCB-4BA2-A4D6-D12A2686737A}.Debug|x64.Build.0 = Debug|Any CPU
		{4D0B4DDF-9CCB-4BA2-A4D6-D12A2686737A}.Debug|x86.ActiveCfg = Debug|Any CPU
		{4D0B4DDF-9CCB-4BA2-A4D6-D12A2686737A}.Debug|x86.Build.0 = Debug|Any CPU
		{4D0B4DDF-9CCB-4BA2-A4D6-D12A2686737A}.DLL Debug|Any CPU.ActiveCfg = Debug|Any CPU
		{4D0B4DDF-9CCB-4BA2-A4D6-D12A2686737A}.DLL Debug|Any CPU.Build.0 = Debug|Any CPU
		{4D0B4DDF-9CCB-4BA2-A4D6-D12A2686737A}.DLL Debug|Win32.ActiveCfg = Debug|Any CPU
		{4D0B4DDF-9CCB-4BA2-A4D6-D12A2686737A}.DLL Debug|Win32.Build.0 = Debug|Any CPU
		{4D0B4DDF-9CCB-4BA2-A4D6-D12A2686737A}.DLL Debug|x64.ActiveCfg = Debug|Any CPU
		{4D0B4DDF-9CCB-4BA2-A4D6-D12A2686737A}.DLL Debug|x64.Build.0 = Debug|Any CPU
		{4D0B4DDF-9CCB-4BA2-A4D6-D12A2686737A}.DLL Debug|x86.ActiveCfg = Debug|Any CPU
		{4D0B4DDF-9CCB-4BA2-A4D6-D12A2686737A}.DLL Debug|x86.Build.0 = Debug|Any CPU
		{4D0B4DDF-9CCB-4BA2-A4D6-D12A2686737A}.DLL Release|Any CPU.ActiveCfg = Release|Any CPU
		{4D0B4DDF-9CCB-4BA2-A4D6-D12A2686737A}.DLL Release|Any CPU.Build.0 = Release|Any CPU
		{4D0B4DDF-9CCB-4BA2-A4D6-D12A2686737A}.DLL Release|Win32.ActiveCfg = Release|Any CPU
		{4D0B4DDF-9CCB-4BA2-A4D6-D12A2686737A}.DLL Release|Win32.Build.0 = Release|Any CPU
		{4D0B4DDF-9CCB-4BA2-A4D6-D12A2686737A}.DLL Release|x64.ActiveCfg = Release|Any CPU
		{4D0B4DDF-9CCB-4BA2-A4D6-D12A2686737A}.DLL Release|x64.Build.0 = Release|Any CPU
		{4D0B4DDF-9CCB-4BA2-A4D6-D12A2686737A}.DLL Release|x86.ActiveCfg = Release|Any CPU
		{4D0B4DDF-9CCB-4BA2-A4D6-D12A2686737A}.DLL Release|x86.Build.0 = Release|Any CPU
		{4D0B4DDF-9CCB-4BA2-A4D6-D12A2686737A}.Release|Any CPU.ActiveCfg = Release|Any CPU
		{4D0B4DDF-9CCB-4BA2-A4D6-D12A2686737A}.Release|Any CPU.Build.0 = Release|Any CPU
		{4D0B4DDF-9CCB-4BA2-A4D6-D12A2686737A}.Release|Win32.ActiveCfg = Release|Any CPU
		{4D0B4DDF-9CCB-4BA2-A4D6-D12A2686737A}.Release|Win32.Build.0 = Release|Any CPU
		{4D0B4DDF-9CCB-4BA2-A4D6-D12A2686737A}.Release|x64.ActiveCfg = Release|Any CPU
		{4D0B4DDF-9CCB-4BA2-A4D6-D12A2686737A}.Release|x64.Build.0 = Release|Any CPU
		{4D0B4DDF-9CCB-4BA2-A4D6-D12A2686737A}.Release|x86.ActiveCfg = Release|Any CPU
		{4D0B4DDF-9CCB-4BA2-A4D6-D12A2686737A}.Release|x86.Build.0 = Release|Any CPU
		{BD3B206E-632F-4D79-AF94-566A9D2B759E}.Debug|Any CPU.ActiveCfg = Debug|Any CPU
		{BD3B206E-632F-4D79-AF94-566A9D2B759E}.Debug|Any CPU.Build.0 = Debug|Any CPU
		{BD3B206E-632F-4D79-AF94-566A9D2B759E}.Debug|Win32.ActiveCfg = Debug|Any CPU
		{BD3B206E-632F-4D79-AF94-566A9D2B759E}.Debug|Win32.Build.0 = Debug|Any CPU
		{BD3B206E-632F-4D79-AF94-566A9D2B759E}.Debug|x64.ActiveCfg = Debug|Any CPU
		{BD3B206E-632F-4D79-AF94-566A9D2B759E}.Debug|x64.Build.0 = Debug|Any CPU
		{BD3B206E-632F-4D79-AF94-566A9D2B759E}.Debug|x86.ActiveCfg = Debug|Any CPU
		{BD3B206E-632F-4D79-AF94-566A9D2B759E}.Debug|x86.Build.0 = Debug|Any CPU
		{BD3B206E-632F-4D79-AF94-566A9D2B759E}.DLL Debug|Any CPU.ActiveCfg = Debug|Any CPU
		{BD3B206E-632F-4D79-AF94-566A9D2B759E}.DLL Debug|Any CPU.Build.0 = Debug|Any CPU
		{BD3B206E-632F-4D79-AF94-566A9D2B759E}.DLL Debug|Win32.ActiveCfg = Debug|Any CPU
		{BD3B206E-632F-4D79-AF94-566A9D2B759E}.DLL Debug|Win32.Build.0 = Debug|Any CPU
		{BD3B206E-632F-4D79-AF94-566A9D2B759E}.DLL Debug|x64.ActiveCfg = Debug|Any CPU
		{BD3B206E-632F-4D79-AF94-566A9D2B759E}.DLL Debug|x64.Build.0 = Debug|Any CPU
		{BD3B206E-632F-4D79-AF94-566A9D2B759E}.DLL Debug|x86.ActiveCfg = Debug|Any CPU
		{BD3B206E-632F-4D79-AF94-566A9D2B759E}.DLL Debug|x86.Build.0 = Debug|Any CPU
		{BD3B206E-632F-4D79-AF94-566A9D2B759E}.DLL Release|Any CPU.ActiveCfg = Release|Any CPU
		{BD3B206E-632F-4D79-AF94-566A9D2B759E}.DLL Release|Any CPU.Build.0 = Release|Any CPU
		{BD3B206E-632F-4D79-AF94-566A9D2B759E}.DLL Release|Win32.ActiveCfg = Release|Any CPU
		{BD3B206E-632F-4D79-AF94-566A9D2B759E}.DLL Release|Win32.Build.0 = Release|Any CPU
		{BD3B206E-632F-4D79-AF94-566A9D2B759E}.DLL Release|x64.ActiveCfg = Release|Any CPU
		{BD3B206E-632F-4D79-AF94-566A9D2B759E}.DLL Release|x64.Build.0 = Release|Any CPU
		{BD3B206E-632F-4D79-AF94-566A9D2B759E}.DLL Release|x86.ActiveCfg = Release|Any CPU
		{BD3B206E-632F-4D79-AF94-566A9D2B759E}.DLL Release|x86.Build.0 = Release|Any CPU
		{BD3B206E-632F-4D79-AF94-566A9D2B759E}.Release|Any CPU.ActiveCfg = Release|Any CPU
		{BD3B206E-632F-4D79-AF94-566A9D2B759E}.Release|Any CPU.Build.0 = Release|Any CPU
		{BD3B206E-632F-4D79-AF94-566A9D2B759E}.Release|Win32.ActiveCfg = Release|Any CPU
		{BD3B206E-632F-4D79-AF94-566A9D2B759E}.Release|Win32.Build.0 = Release|Any CPU
		{BD3B206E-632F-4D79-AF94-566A9D2B759E}.Release|x64.ActiveCfg = Release|Any CPU
		{BD3B206E-632F-4D79-AF94-566A9D2B759E}.Release|x64.Build.0 = Release|Any CPU
		{BD3B206E-632F-4D79-AF94-566A9D2B759E}.Release|x86.ActiveCfg = Release|Any CPU
		{BD3B206E-632F-4D79-AF94-566A9D2B759E}.Release|x86.Build.0 = Release|Any CPU
		{4C0B1499-2320-47E2-852C-9DDD9A0BA3EF}.Debug|Any CPU.ActiveCfg = Debug|Any CPU
		{4C0B1499-2320-47E2-852C-9DDD9A0BA3EF}.Debug|Any CPU.Build.0 = Debug|Any CPU
		{4C0B1499-2320-47E2-852C-9DDD9A0BA3EF}.Debug|Win32.ActiveCfg = Debug|Any CPU
		{4C0B1499-2320-47E2-852C-9DDD9A0BA3EF}.Debug|Win32.Build.0 = Debug|Any CPU
		{4C0B1499-2320-47E2-852C-9DDD9A0BA3EF}.Debug|x64.ActiveCfg = Debug|Any CPU
		{4C0B1499-2320-47E2-852C-9DDD9A0BA3EF}.Debug|x64.Build.0 = Debug|Any CPU
		{4C0B1499-2320-47E2-852C-9DDD9A0BA3EF}.Debug|x86.ActiveCfg = Debug|Any CPU
		{4C0B1499-2320-47E2-852C-9DDD9A0BA3EF}.Debug|x86.Build.0 = Debug|Any CPU
		{4C0B1499-2320-47E2-852C-9DDD9A0BA3EF}.DLL Debug|Any CPU.ActiveCfg = Debug|Any CPU
		{4C0B1499-2320-47E2-852C-9DDD9A0BA3EF}.DLL Debug|Any CPU.Build.0 = Debug|Any CPU
		{4C0B1499-2320-47E2-852C-9DDD9A0BA3EF}.DLL Debug|Win32.ActiveCfg = Debug|Any CPU
		{4C0B1499-2320-47E2-852C-9DDD9A0BA3EF}.DLL Debug|Win32.Build.0 = Debug|Any CPU
		{4C0B1499-2320-47E2-852C-9DDD9A0BA3EF}.DLL Debug|x64.ActiveCfg = Debug|Any CPU
		{4C0B1499-2320-47E2-852C-9DDD9A0BA3EF}.DLL Debug|x64.Build.0 = Debug|Any CPU
		{4C0B1499-2320-47E2-852C-9DDD9A0BA3EF}.DLL Debug|x86.ActiveCfg = Debug|Any CPU
		{4C0B1499-2320-47E2-852C-9DDD9A0BA3EF}.DLL Debug|x86.Build.0 = Debug|Any CPU
		{4C0B1499-2320-47E2-852C-9DDD9A0BA3EF}.DLL Release|Any CPU.ActiveCfg = Release|Any CPU
		{4C0B1499-2320-47E2-852C-9DDD9A0BA3EF}.DLL Release|Any CPU.Build.0 = Release|Any CPU
		{4C0B1499-2320-47E2-852C-9DDD9A0BA3EF}.DLL Release|Win32.ActiveCfg = Release|Any CPU
		{4C0B1499-2320-47E2-852C-9DDD9A0BA3EF}.DLL Release|Win32.Build.0 = Release|Any CPU
		{4C0B1499-2320-47E2-852C-9DDD9A0BA3EF}.DLL Release|x64.ActiveCfg = Release|Any CPU
		{4C0B1499-2320-47E2-852C-9DDD9A0BA3EF}.DLL Release|x64.Build.0 = Release|Any CPU
		{4C0B1499-2320-47E2-852C-9DDD9A0BA3EF}.DLL Release|x86.ActiveCfg = Release|Any CPU
		{4C0B1499-2320-47E2-852C-9DDD9A0BA3EF}.DLL Release|x86.Build.0 = Release|Any CPU
		{4C0B1499-2320-47E2-852C-9DDD9A0BA3EF}.Release|Any CPU.ActiveCfg = Release|Any CPU
		{4C0B1499-2320-47E2-852C-9DDD9A0BA3EF}.Release|Any CPU.Build.0 = Release|Any CPU
		{4C0B1499-2320-47E2-852C-9DDD9A0BA3EF}.Release|Win32.ActiveCfg = Release|Any CPU
		{4C0B1499-2320-47E2-852C-9DDD9A0BA3EF}.Release|Win32.Build.0 = Release|Any CPU
		{4C0B1499-2320-47E2-852C-9DDD9A0BA3EF}.Release|x64.ActiveCfg = Release|Any CPU
		{4C0B1499-2320-47E2-852C-9DDD9A0BA3EF}.Release|x64.Build.0 = Release|Any CPU
		{4C0B1499-2320-47E2-852C-9DDD9A0BA3EF}.Release|x86.ActiveCfg = Release|Any CPU
		{4C0B1499-2320-47E2-852C-9DDD9A0BA3EF}.Release|x86.Build.0 = Release|Any CPU
		{D26BAA1B-E01F-4F84-9991-7C8E7C9387F2}.Debug|Any CPU.ActiveCfg = Debug|Any CPU
		{D26BAA1B-E01F-4F84-9991-7C8E7C9387F2}.Debug|Any CPU.Build.0 = Debug|Any CPU
		{D26BAA1B-E01F-4F84-9991-7C8E7C9387F2}.Debug|Win32.ActiveCfg = Debug|Any CPU
		{D26BAA1B-E01F-4F84-9991-7C8E7C9387F2}.Debug|Win32.Build.0 = Debug|Any CPU
		{D26BAA1B-E01F-4F84-9991-7C8E7C9387F2}.Debug|x64.ActiveCfg = Debug|Any CPU
		{D26BAA1B-E01F-4F84-9991-7C8E7C9387F2}.Debug|x64.Build.0 = Debug|Any CPU
		{D26BAA1B-E01F-4F84-9991-7C8E7C9387F2}.Debug|x86.ActiveCfg = Debug|Any CPU
		{D26BAA1B-E01F-4F84-9991-7C8E7C9387F2}.Debug|x86.Build.0 = Debug|Any CPU
		{D26BAA1B-E01F-4F84-9991-7C8E7C9387F2}.DLL Debug|Any CPU.ActiveCfg = Debug|Any CPU
		{D26BAA1B-E01F-4F84-9991-7C8E7C9387F2}.DLL Debug|Any CPU.Build.0 = Debug|Any CPU
		{D26BAA1B-E01F-4F84-9991-7C8E7C9387F2}.DLL Debug|Win32.ActiveCfg = Debug|Any CPU
		{D26BAA1B-E01F-4F84-9991-7C8E7C9387F2}.DLL Debug|Win32.Build.0 = Debug|Any CPU
		{D26BAA1B-E01F-4F84-9991-7C8E7C9387F2}.DLL Debug|x64.ActiveCfg = Debug|Any CPU
		{D26BAA1B-E01F-4F84-9991-7C8E7C9387F2}.DLL Debug|x64.Build.0 = Debug|Any CPU
		{D26BAA1B-E01F-4F84-9991-7C8E7C9387F2}.DLL Debug|x86.ActiveCfg = Debug|Any CPU
		{D26BAA1B-E01F-4F84-9991-7C8E7C9387F2}.DLL Debug|x86.Build.0 = Debug|Any CPU
		{D26BAA1B-E01F-4F84-9991-7C8E7C9387F2}.DLL Release|Any CPU.ActiveCfg = Release|Any CPU
		{D26BAA1B-E01F-4F84-9991-7C8E7C9387F2}.DLL Release|Any CPU.Build.0 = Release|Any CPU
		{D26BAA1B-E01F-4F84-9991-7C8E7C9387F2}.DLL Release|Win32.ActiveCfg = Release|Any CPU
		{D26BAA1B-E01F-4F84-9991-7C8E7C9387F2}.DLL Release|Win32.Build.0 = Release|Any CPU
		{D26BAA1B-E01F-4F84-9991-7C8E7C9387F2}.DLL Release|x64.ActiveCfg = Release|Any CPU
		{D26BAA1B-E01F-4F84-9991-7C8E7C9387F2}.DLL Release|x64.Build.0 = Release|Any CPU
		{D26BAA1B-E01F-4F84-9991-7C8E7C9387F2}.DLL Release|x86.ActiveCfg = Release|Any CPU
		{D26BAA1B-E01F-4F84-9991-7C8E7C9387F2}.DLL Release|x86.Build.0 = Release|Any CPU
		{D26BAA1B-E01F-4F84-9991-7C8E7C9387F2}.Release|Any CPU.ActiveCfg = Release|Any CPU
		{D26BAA1B-E01F-4F84-9991-7C8E7C9387F2}.Release|Any CPU.Build.0 = Release|Any CPU
		{D26BAA1B-E01F-4F84-9991-7C8E7C9387F2}.Release|Win32.ActiveCfg = Release|Any CPU
		{D26BAA1B-E01F-4F84-9991-7C8E7C9387F2}.Release|Win32.Build.0 = Release|Any CPU
		{D26BAA1B-E01F-4F84-9991-7C8E7C9387F2}.Release|x64.ActiveCfg = Release|Any CPU
		{D26BAA1B-E01F-4F84-9991-7C8E7C9387F2}.Release|x64.Build.0 = Release|Any CPU
		{D26BAA1B-E01F-4F84-9991-7C8E7C9387F2}.Release|x86.ActiveCfg = Release|Any CPU
		{D26BAA1B-E01F-4F84-9991-7C8E7C9387F2}.Release|x86.Build.0 = Release|Any CPU
		{8EB9020C-A880-4F8A-BA24-BC414E85F3A5}.Debug|Any CPU.ActiveCfg = Debug|Any CPU
		{8EB9020C-A880-4F8A-BA24-BC414E85F3A5}.Debug|Any CPU.Build.0 = Debug|Any CPU
		{8EB9020C-A880-4F8A-BA24-BC414E85F3A5}.Debug|Win32.ActiveCfg = Debug|Any CPU
		{8EB9020C-A880-4F8A-BA24-BC414E85F3A5}.Debug|Win32.Build.0 = Debug|Any CPU
		{8EB9020C-A880-4F8A-BA24-BC414E85F3A5}.Debug|x64.ActiveCfg = Debug|Any CPU
		{8EB9020C-A880-4F8A-BA24-BC414E85F3A5}.Debug|x64.Build.0 = Debug|Any CPU
		{8EB9020C-A880-4F8A-BA24-BC414E85F3A5}.Debug|x86.ActiveCfg = Debug|Any CPU
		{8EB9020C-A880-4F8A-BA24-BC414E85F3A5}.Debug|x86.Build.0 = Debug|Any CPU
		{8EB9020C-A880-4F8A-BA24-BC414E85F3A5}.DLL Debug|Any CPU.ActiveCfg = Debug|Any CPU
		{8EB9020C-A880-4F8A-BA24-BC414E85F3A5}.DLL Debug|Any CPU.Build.0 = Debug|Any CPU
		{8EB9020C-A880-4F8A-BA24-BC414E85F3A5}.DLL Debug|Win32.ActiveCfg = Debug|Any CPU
		{8EB9020C-A880-4F8A-BA24-BC414E85F3A5}.DLL Debug|Win32.Build.0 = Debug|Any CPU
		{8EB9020C-A880-4F8A-BA24-BC414E85F3A5}.DLL Debug|x64.ActiveCfg = Debug|Any CPU
		{8EB9020C-A880-4F8A-BA24-BC414E85F3A5}.DLL Debug|x64.Build.0 = Debug|Any CPU
		{8EB9020C-A880-4F8A-BA24-BC414E85F3A5}.DLL Debug|x86.ActiveCfg = Debug|Any CPU
		{8EB9020C-A880-4F8A-BA24-BC414E85F3A5}.DLL Debug|x86.Build.0 = Debug|Any CPU
		{8EB9020C-A880-4F8A-BA24-BC414E85F3A5}.DLL Release|Any CPU.ActiveCfg = Release|Any CPU
		{8EB9020C-A880-4F8A-BA24-BC414E85F3A5}.DLL Release|Any CPU.Build.0 = Release|Any CPU
		{8EB9020C-A880-4F8A-BA24-BC414E85F3A5}.DLL Release|Win32.ActiveCfg = Release|Any CPU
		{8EB9020C-A880-4F8A-BA24-BC414E85F3A5}.DLL Release|Win32.Build.0 = Release|Any CPU
		{8EB9020C-A880-4F8A-BA24-BC414E85F3A5}.DLL Release|x64.ActiveCfg = Release|Any CPU
		{8EB9020C-A880-4F8A-BA24-BC414E85F3A5}.DLL Release|x64.Build.0 = Release|Any CPU
		{8EB9020C-A880-4F8A-BA24-BC414E85F3A5}.DLL Release|x86.ActiveCfg = Release|Any CPU
		{8EB9020C-A880-4F8A-BA24-BC414E85F3A5}.DLL Release|x86.Build.0 = Release|Any CPU
		{8EB9020C-A880-4F8A-BA24-BC414E85F3A5}.Release|Any CPU.ActiveCfg = Release|Any CPU
		{8EB9020C-A880-4F8A-BA24-BC414E85F3A5}.Release|Any CPU.Build.0 = Release|Any CPU
		{8EB9020C-A880-4F8A-BA24-BC414E85F3A5}.Release|Win32.ActiveCfg = Release|Any CPU
		{8EB9020C-A880-4F8A-BA24-BC414E85F3A5}.Release|Win32.Build.0 = Release|Any CPU
		{8EB9020C-A880-4F8A-BA24-BC414E85F3A5}.Release|x64.ActiveCfg = Release|Any CPU
		{8EB9020C-A880-4F8A-BA24-BC414E85F3A5}.Release|x64.Build.0 = Release|Any CPU
		{8EB9020C-A880-4F8A-BA24-BC414E85F3A5}.Release|x86.ActiveCfg = Release|Any CPU
		{8EB9020C-A880-4F8A-BA24-BC414E85F3A5}.Release|x86.Build.0 = Release|Any CPU
		{85DFE479-BF62-471D-8677-6CEBD9EB724F}.Debug|Any CPU.ActiveCfg = Debug|Any CPU
		{85DFE479-BF62-471D-8677-6CEBD9EB724F}.Debug|Any CPU.Build.0 = Debug|Any CPU
		{85DFE479-BF62-471D-8677-6CEBD9EB724F}.Debug|Win32.ActiveCfg = Debug|Any CPU
		{85DFE479-BF62-471D-8677-6CEBD9EB724F}.Debug|Win32.Build.0 = Debug|Any CPU
		{85DFE479-BF62-471D-8677-6CEBD9EB724F}.Debug|x64.ActiveCfg = Debug|Any CPU
		{85DFE479-BF62-471D-8677-6CEBD9EB724F}.Debug|x64.Build.0 = Debug|Any CPU
		{85DFE479-BF62-471D-8677-6CEBD9EB724F}.Debug|x86.ActiveCfg = Debug|Any CPU
		{85DFE479-BF62-471D-8677-6CEBD9EB724F}.Debug|x86.Build.0 = Debug|Any CPU
		{85DFE479-BF62-471D-8677-6CEBD9EB724F}.DLL Debug|Any CPU.ActiveCfg = Debug|Any CPU
		{85DFE479-BF62-471D-8677-6CEBD9EB724F}.DLL Debug|Any CPU.Build.0 = Debug|Any CPU
		{85DFE479-BF62-471D-8677-6CEBD9EB724F}.DLL Debug|Win32.ActiveCfg = Debug|Any CPU
		{85DFE479-BF62-471D-8677-6CEBD9EB724F}.DLL Debug|Win32.Build.0 = Debug|Any CPU
		{85DFE479-BF62-471D-8677-6CEBD9EB724F}.DLL Debug|x64.ActiveCfg = Debug|Any CPU
		{85DFE479-BF62-471D-8677-6CEBD9EB724F}.DLL Debug|x64.Build.0 = Debug|Any CPU
		{85DFE479-BF62-471D-8677-6CEBD9EB724F}.DLL Debug|x86.ActiveCfg = Debug|Any CPU
		{85DFE479-BF62-471D-8677-6CEBD9EB724F}.DLL Debug|x86.Build.0 = Debug|Any CPU
		{85DFE479-BF62-471D-8677-6CEBD9EB724F}.DLL Release|Any CPU.ActiveCfg = Release|Any CPU
		{85DFE479-BF62-471D-8677-6CEBD9EB724F}.DLL Release|Any CPU.Build.0 = Release|Any CPU
		{85DFE479-BF62-471D-8677-6CEBD9EB724F}.DLL Release|Win32.ActiveCfg = Release|Any CPU
		{85DFE479-BF62-471D-8677-6CEBD9EB724F}.DLL Release|Win32.Build.0 = Release|Any CPU
		{85DFE479-BF62-471D-8677-6CEBD9EB724F}.DLL Release|x64.ActiveCfg = Release|Any CPU
		{85DFE479-BF62-471D-8677-6CEBD9EB724F}.DLL Release|x64.Build.0 = Release|Any CPU
		{85DFE479-BF62-471D-8677-6CEBD9EB724F}.DLL Release|x86.ActiveCfg = Release|Any CPU
		{85DFE479-BF62-471D-8677-6CEBD9EB724F}.DLL Release|x86.Build.0 = Release|Any CPU
		{85DFE479-BF62-471D-8677-6CEBD9EB724F}.Release|Any CPU.ActiveCfg = Release|Any CPU
		{85DFE479-BF62-471D-8677-6CEBD9EB724F}.Release|Any CPU.Build.0 = Release|Any CPU
		{85DFE479-BF62-471D-8677-6CEBD9EB724F}.Release|Win32.ActiveCfg = Release|Any CPU
		{85DFE479-BF62-471D-8677-6CEBD9EB724F}.Release|Win32.Build.0 = Release|Any CPU
		{85DFE479-BF62-471D-8677-6CEBD9EB724F}.Release|x64.ActiveCfg = Release|Any CPU
		{85DFE479-BF62-471D-8677-6CEBD9EB724F}.Release|x64.Build.0 = Release|Any CPU
		{85DFE479-BF62-471D-8677-6CEBD9EB724F}.Release|x86.ActiveCfg = Release|Any CPU
		{85DFE479-BF62-471D-8677-6CEBD9EB724F}.Release|x86.Build.0 = Release|Any CPU
		{F85FA19A-FC05-4337-B592-841637A83C4E}.Debug|Any CPU.ActiveCfg = Debug|Any CPU
		{F85FA19A-FC05-4337-B592-841637A83C4E}.Debug|Any CPU.Build.0 = Debug|Any CPU
		{F85FA19A-FC05-4337-B592-841637A83C4E}.Debug|Win32.ActiveCfg = Debug|Any CPU
		{F85FA19A-FC05-4337-B592-841637A83C4E}.Debug|Win32.Build.0 = Debug|Any CPU
		{F85FA19A-FC05-4337-B592-841637A83C4E}.Debug|x64.ActiveCfg = Debug|Any CPU
		{F85FA19A-FC05-4337-B592-841637A83C4E}.Debug|x64.Build.0 = Debug|Any CPU
		{F85FA19A-FC05-4337-B592-841637A83C4E}.Debug|x86.ActiveCfg = Debug|Any CPU
		{F85FA19A-FC05-4337-B592-841637A83C4E}.Debug|x86.Build.0 = Debug|Any CPU
		{F85FA19A-FC05-4337-B592-841637A83C4E}.DLL Debug|Any CPU.ActiveCfg = Debug|Any CPU
		{F85FA19A-FC05-4337-B592-841637A83C4E}.DLL Debug|Any CPU.Build.0 = Debug|Any CPU
		{F85FA19A-FC05-4337-B592-841637A83C4E}.DLL Debug|Win32.ActiveCfg = Debug|Any CPU
		{F85FA19A-FC05-4337-B592-841637A83C4E}.DLL Debug|Win32.Build.0 = Debug|Any CPU
		{F85FA19A-FC05-4337-B592-841637A83C4E}.DLL Debug|x64.ActiveCfg = Debug|Any CPU
		{F85FA19A-FC05-4337-B592-841637A83C4E}.DLL Debug|x64.Build.0 = Debug|Any CPU
		{F85FA19A-FC05-4337-B592-841637A83C4E}.DLL Debug|x86.ActiveCfg = Debug|Any CPU
		{F85FA19A-FC05-4337-B592-841637A83C4E}.DLL Debug|x86.Build.0 = Debug|Any CPU
		{F85FA19A-FC05-4337-B592-841637A83C4E}.DLL Release|Any CPU.ActiveCfg = Release|Any CPU
		{F85FA19A-FC05-4337-B592-841637A83C4E}.DLL Release|Any CPU.Build.0 = Release|Any CPU
		{F85FA19A-FC05-4337-B592-841637A83C4E}.DLL Release|Win32.ActiveCfg = Release|Any CPU
		{F85FA19A-FC05-4337-B592-841637A83C4E}.DLL Release|Win32.Build.0 = Release|Any CPU
		{F85FA19A-FC05-4337-B592-841637A83C4E}.DLL Release|x64.ActiveCfg = Release|Any CPU
		{F85FA19A-FC05-4337-B592-841637A83C4E}.DLL Release|x64.Build.0 = Release|Any CPU
		{F85FA19A-FC05-4337-B592-841637A83C4E}.DLL Release|x86.ActiveCfg = Release|Any CPU
		{F85FA19A-FC05-4337-B592-841637A83C4E}.DLL Release|x86.Build.0 = Release|Any CPU
		{F85FA19A-FC05-4337-B592-841637A83C4E}.Release|Any CPU.ActiveCfg = Release|Any CPU
		{F85FA19A-FC05-4337-B592-841637A83C4E}.Release|Any CPU.Build.0 = Release|Any CPU
		{F85FA19A-FC05-4337-B592-841637A83C4E}.Release|Win32.ActiveCfg = Release|Any CPU
		{F85FA19A-FC05-4337-B592-841637A83C4E}.Release|Win32.Build.0 = Release|Any CPU
		{F85FA19A-FC05-4337-B592-841637A83C4E}.Release|x64.ActiveCfg = Release|Any CPU
		{F85FA19A-FC05-4337-B592-841637A83C4E}.Release|x64.Build.0 = Release|Any CPU
		{F85FA19A-FC05-4337-B592-841637A83C4E}.Release|x86.ActiveCfg = Release|Any CPU
		{F85FA19A-FC05-4337-B592-841637A83C4E}.Release|x86.Build.0 = Release|Any CPU
		{095C1DB0-1DF4-4549-B21B-9327FF2EAD06}.Debug|Any CPU.ActiveCfg = Debug|Any CPU
		{095C1DB0-1DF4-4549-B21B-9327FF2EAD06}.Debug|Any CPU.Build.0 = Debug|Any CPU
		{095C1DB0-1DF4-4549-B21B-9327FF2EAD06}.Debug|Win32.ActiveCfg = Debug|Any CPU
		{095C1DB0-1DF4-4549-B21B-9327FF2EAD06}.Debug|Win32.Build.0 = Debug|Any CPU
		{095C1DB0-1DF4-4549-B21B-9327FF2EAD06}.Debug|x64.ActiveCfg = Debug|Any CPU
		{095C1DB0-1DF4-4549-B21B-9327FF2EAD06}.Debug|x64.Build.0 = Debug|Any CPU
		{095C1DB0-1DF4-4549-B21B-9327FF2EAD06}.Debug|x86.ActiveCfg = Debug|Any CPU
		{095C1DB0-1DF4-4549-B21B-9327FF2EAD06}.Debug|x86.Build.0 = Debug|Any CPU
		{095C1DB0-1DF4-4549-B21B-9327FF2EAD06}.DLL Debug|Any CPU.ActiveCfg = Debug|Any CPU
		{095C1DB0-1DF4-4549-B21B-9327FF2EAD06}.DLL Debug|Any CPU.Build.0 = Debug|Any CPU
		{095C1DB0-1DF4-4549-B21B-9327FF2EAD06}.DLL Debug|Win32.ActiveCfg = Debug|Any CPU
		{095C1DB0-1DF4-4549-B21B-9327FF2EAD06}.DLL Debug|Win32.Build.0 = Debug|Any CPU
		{095C1DB0-1DF4-4549-B21B-9327FF2EAD06}.DLL Debug|x64.ActiveCfg = Debug|Any CPU
		{095C1DB0-1DF4-4549-B21B-9327FF2EAD06}.DLL Debug|x64.Build.0 = Debug|Any CPU
		{095C1DB0-1DF4-4549-B21B-9327FF2EAD06}.DLL Debug|x86.ActiveCfg = Debug|Any CPU
		{095C1DB0-1DF4-4549-B21B-9327FF2EAD06}.DLL Debug|x86.Build.0 = Debug|Any CPU
		{095C1DB0-1DF4-4549-B21B-9327FF2EAD06}.DLL Release|Any CPU.ActiveCfg = Release|Any CPU
		{095C1DB0-1DF4-4549-B21B-9327FF2EAD06}.DLL Release|Any CPU.Build.0 = Release|Any CPU
		{095C1DB0-1DF4-4549-B21B-9327FF2EAD06}.DLL Release|Win32.ActiveCfg = Release|Any CPU
		{095C1DB0-1DF4-4549-B21B-9327FF2EAD06}.DLL Release|Win32.Build.0 = Release|Any CPU
		{095C1DB0-1DF4-4549-B21B-9327FF2EAD06}.DLL Release|x64.ActiveCfg = Release|Any CPU
		{095C1DB0-1DF4-4549-B21B-9327FF2EAD06}.DLL Release|x64.Build.0 = Release|Any CPU
		{095C1DB0-1DF4-4549-B21B-9327FF2EAD06}.DLL Release|x86.ActiveCfg = Release|Any CPU
		{095C1DB0-1DF4-4549-B21B-9327FF2EAD06}.DLL Release|x86.Build.0 = Release|Any CPU
		{095C1DB0-1DF4-4549-B21B-9327FF2EAD06}.Release|Any CPU.ActiveCfg = Release|Any CPU
		{095C1DB0-1DF4-4549-B21B-9327FF2EAD06}.Release|Any CPU.Build.0 = Release|Any CPU
		{095C1DB0-1DF4-4549-B21B-9327FF2EAD06}.Release|Win32.ActiveCfg = Release|Any CPU
		{095C1DB0-1DF4-4549-B21B-9327FF2EAD06}.Release|Win32.Build.0 = Release|Any CPU
		{095C1DB0-1DF4-4549-B21B-9327FF2EAD06}.Release|x64.ActiveCfg = Release|Any CPU
		{095C1DB0-1DF4-4549-B21B-9327FF2EAD06}.Release|x64.Build.0 = Release|Any CPU
		{095C1DB0-1DF4-4549-B21B-9327FF2EAD06}.Release|x86.ActiveCfg = Release|Any CPU
		{095C1DB0-1DF4-4549-B21B-9327FF2EAD06}.Release|x86.Build.0 = Release|Any CPU
		{78A039F0-3C72-4FAC-96CC-4389DCBE73A5}.Debug|Any CPU.ActiveCfg = Debug|Any CPU
		{78A039F0-3C72-4FAC-96CC-4389DCBE73A5}.Debug|Any CPU.Build.0 = Debug|Any CPU
		{78A039F0-3C72-4FAC-96CC-4389DCBE73A5}.Debug|Win32.ActiveCfg = Debug|Any CPU
		{78A039F0-3C72-4FAC-96CC-4389DCBE73A5}.Debug|Win32.Build.0 = Debug|Any CPU
		{78A039F0-3C72-4FAC-96CC-4389DCBE73A5}.Debug|x64.ActiveCfg = Debug|Any CPU
		{78A039F0-3C72-4FAC-96CC-4389DCBE73A5}.Debug|x64.Build.0 = Debug|Any CPU
		{78A039F0-3C72-4FAC-96CC-4389DCBE73A5}.Debug|x86.ActiveCfg = Debug|Any CPU
		{78A039F0-3C72-4FAC-96CC-4389DCBE73A5}.Debug|x86.Build.0 = Debug|Any CPU
		{78A039F0-3C72-4FAC-96CC-4389DCBE73A5}.DLL Debug|Any CPU.ActiveCfg = Debug|Any CPU
		{78A039F0-3C72-4FAC-96CC-4389DCBE73A5}.DLL Debug|Any CPU.Build.0 = Debug|Any CPU
		{78A039F0-3C72-4FAC-96CC-4389DCBE73A5}.DLL Debug|Win32.ActiveCfg = Debug|Any CPU
		{78A039F0-3C72-4FAC-96CC-4389DCBE73A5}.DLL Debug|Win32.Build.0 = Debug|Any CPU
		{78A039F0-3C72-4FAC-96CC-4389DCBE73A5}.DLL Debug|x64.ActiveCfg = Debug|Any CPU
		{78A039F0-3C72-4FAC-96CC-4389DCBE73A5}.DLL Debug|x64.Build.0 = Debug|Any CPU
		{78A039F0-3C72-4FAC-96CC-4389DCBE73A5}.DLL Debug|x86.ActiveCfg = Debug|Any CPU
		{78A039F0-3C72-4FAC-96CC-4389DCBE73A5}.DLL Debug|x86.Build.0 = Debug|Any CPU
		{78A039F0-3C72-4FAC-96CC-4389DCBE73A5}.DLL Release|Any CPU.ActiveCfg = Release|Any CPU
		{78A039F0-3C72-4FAC-96CC-4389DCBE73A5}.DLL Release|Any CPU.Build.0 = Release|Any CPU
		{78A039F0-3C72-4FAC-96CC-4389DCBE73A5}.DLL Release|Win32.ActiveCfg = Release|Any CPU
		{78A039F0-3C72-4FAC-96CC-4389DCBE73A5}.DLL Release|Win32.Build.0 = Release|Any CPU
		{78A039F0-3C72-4FAC-96CC-4389DCBE73A5}.DLL Release|x64.ActiveCfg = Release|Any CPU
		{78A039F0-3C72-4FAC-96CC-4389DCBE73A5}.DLL Release|x64.Build.0 = Release|Any CPU
		{78A039F0-3C72-4FAC-96CC-4389DCBE73A5}.DLL Release|x86.ActiveCfg = Release|Any CPU
		{78A039F0-3C72-4FAC-96CC-4389DCBE73A5}.DLL Release|x86.Build.0 = Release|Any CPU
		{78A039F0-3C72-4FAC-96CC-4389DCBE73A5}.Release|Any CPU.ActiveCfg = Release|Any CPU
		{78A039F0-3C72-4FAC-96CC-4389DCBE73A5}.Release|Any CPU.Build.0 = Release|Any CPU
		{78A039F0-3C72-4FAC-96CC-4389DCBE73A5}.Release|Win32.ActiveCfg = Release|Any CPU
		{78A039F0-3C72-4FAC-96CC-4389DCBE73A5}.Release|Win32.Build.0 = Release|Any CPU
		{78A039F0-3C72-4FAC-96CC-4389DCBE73A5}.Release|x64.ActiveCfg = Release|Any CPU
		{78A039F0-3C72-4FAC-96CC-4389DCBE73A5}.Release|x64.Build.0 = Release|Any CPU
		{78A039F0-3C72-4FAC-96CC-4389DCBE73A5}.Release|x86.ActiveCfg = Release|Any CPU
		{78A039F0-3C72-4FAC-96CC-4389DCBE73A5}.Release|x86.Build.0 = Release|Any CPU
		{C730D496-E68F-4D8F-8608-C835D3A5FC50}.Debug|Any CPU.ActiveCfg = Debug|Any CPU
		{C730D496-E68F-4D8F-8608-C835D3A5FC50}.Debug|Any CPU.Build.0 = Debug|Any CPU
		{C730D496-E68F-4D8F-8608-C835D3A5FC50}.Debug|Win32.ActiveCfg = Debug|Any CPU
		{C730D496-E68F-4D8F-8608-C835D3A5FC50}.Debug|Win32.Build.0 = Debug|Any CPU
		{C730D496-E68F-4D8F-8608-C835D3A5FC50}.Debug|x64.ActiveCfg = Debug|x64
		{C730D496-E68F-4D8F-8608-C835D3A5FC50}.Debug|x64.Build.0 = Debug|x64
		{C730D496-E68F-4D8F-8608-C835D3A5FC50}.Debug|x86.ActiveCfg = Debug|x86
		{C730D496-E68F-4D8F-8608-C835D3A5FC50}.Debug|x86.Build.0 = Debug|x86
		{C730D496-E68F-4D8F-8608-C835D3A5FC50}.DLL Debug|Any CPU.ActiveCfg = Debug|Any CPU
		{C730D496-E68F-4D8F-8608-C835D3A5FC50}.DLL Debug|Any CPU.Build.0 = Debug|Any CPU
		{C730D496-E68F-4D8F-8608-C835D3A5FC50}.DLL Debug|Win32.ActiveCfg = Debug|Any CPU
		{C730D496-E68F-4D8F-8608-C835D3A5FC50}.DLL Debug|Win32.Build.0 = Debug|Any CPU
		{C730D496-E68F-4D8F-8608-C835D3A5FC50}.DLL Debug|x64.ActiveCfg = Debug|Any CPU
		{C730D496-E68F-4D8F-8608-C835D3A5FC50}.DLL Debug|x64.Build.0 = Debug|Any CPU
		{C730D496-E68F-4D8F-8608-C835D3A5FC50}.DLL Debug|x86.ActiveCfg = Debug|Any CPU
		{C730D496-E68F-4D8F-8608-C835D3A5FC50}.DLL Debug|x86.Build.0 = Debug|Any CPU
		{C730D496-E68F-4D8F-8608-C835D3A5FC50}.DLL Release|Any CPU.ActiveCfg = Release|Any CPU
		{C730D496-E68F-4D8F-8608-C835D3A5FC50}.DLL Release|Any CPU.Build.0 = Release|Any CPU
		{C730D496-E68F-4D8F-8608-C835D3A5FC50}.DLL Release|Win32.ActiveCfg = Release|Any CPU
		{C730D496-E68F-4D8F-8608-C835D3A5FC50}.DLL Release|Win32.Build.0 = Release|Any CPU
		{C730D496-E68F-4D8F-8608-C835D3A5FC50}.DLL Release|x64.ActiveCfg = Release|Any CPU
		{C730D496-E68F-4D8F-8608-C835D3A5FC50}.DLL Release|x64.Build.0 = Release|Any CPU
		{C730D496-E68F-4D8F-8608-C835D3A5FC50}.DLL Release|x86.ActiveCfg = Release|Any CPU
		{C730D496-E68F-4D8F-8608-C835D3A5FC50}.DLL Release|x86.Build.0 = Release|Any CPU
		{C730D496-E68F-4D8F-8608-C835D3A5FC50}.Release|Any CPU.ActiveCfg = Release|Any CPU
		{C730D496-E68F-4D8F-8608-C835D3A5FC50}.Release|Any CPU.Build.0 = Release|Any CPU
		{C730D496-E68F-4D8F-8608-C835D3A5FC50}.Release|Win32.ActiveCfg = Release|Any CPU
		{C730D496-E68F-4D8F-8608-C835D3A5FC50}.Release|Win32.Build.0 = Release|Any CPU
		{C730D496-E68F-4D8F-8608-C835D3A5FC50}.Release|x64.ActiveCfg = Release|Any CPU
		{C730D496-E68F-4D8F-8608-C835D3A5FC50}.Release|x64.Build.0 = Release|Any CPU
		{C730D496-E68F-4D8F-8608-C835D3A5FC50}.Release|x86.ActiveCfg = Release|Any CPU
		{C730D496-E68F-4D8F-8608-C835D3A5FC50}.Release|x86.Build.0 = Release|Any CPU
		{98814873-6205-4C61-9916-893179837A27}.Debug|Any CPU.ActiveCfg = Debug|Any CPU
		{98814873-6205-4C61-9916-893179837A27}.Debug|Any CPU.Build.0 = Debug|Any CPU
		{98814873-6205-4C61-9916-893179837A27}.Debug|Win32.ActiveCfg = Debug|Any CPU
		{98814873-6205-4C61-9916-893179837A27}.Debug|Win32.Build.0 = Debug|Any CPU
		{98814873-6205-4C61-9916-893179837A27}.Debug|x64.ActiveCfg = Debug|Any CPU
		{98814873-6205-4C61-9916-893179837A27}.Debug|x64.Build.0 = Debug|Any CPU
		{98814873-6205-4C61-9916-893179837A27}.Debug|x86.ActiveCfg = Debug|Any CPU
		{98814873-6205-4C61-9916-893179837A27}.Debug|x86.Build.0 = Debug|Any CPU
		{98814873-6205-4C61-9916-893179837A27}.DLL Debug|Any CPU.ActiveCfg = Debug|Any CPU
		{98814873-6205-4C61-9916-893179837A27}.DLL Debug|Any CPU.Build.0 = Debug|Any CPU
		{98814873-6205-4C61-9916-893179837A27}.DLL Debug|Win32.ActiveCfg = Debug|Any CPU
		{98814873-6205-4C61-9916-893179837A27}.DLL Debug|Win32.Build.0 = Debug|Any CPU
		{98814873-6205-4C61-9916-893179837A27}.DLL Debug|x64.ActiveCfg = Debug|Any CPU
		{98814873-6205-4C61-9916-893179837A27}.DLL Debug|x64.Build.0 = Debug|Any CPU
		{98814873-6205-4C61-9916-893179837A27}.DLL Debug|x86.ActiveCfg = Debug|Any CPU
		{98814873-6205-4C61-9916-893179837A27}.DLL Debug|x86.Build.0 = Debug|Any CPU
		{98814873-6205-4C61-9916-893179837A27}.DLL Release|Any CPU.ActiveCfg = Release|Any CPU
		{98814873-6205-4C61-9916-893179837A27}.DLL Release|Any CPU.Build.0 = Release|Any CPU
		{98814873-6205-4C61-9916-893179837A27}.DLL Release|Win32.ActiveCfg = Release|Any CPU
		{98814873-6205-4C61-9916-893179837A27}.DLL Release|Win32.Build.0 = Release|Any CPU
		{98814873-6205-4C61-9916-893179837A27}.DLL Release|x64.ActiveCfg = Release|Any CPU
		{98814873-6205-4C61-9916-893179837A27}.DLL Release|x64.Build.0 = Release|Any CPU
		{98814873-6205-4C61-9916-893179837A27}.DLL Release|x86.ActiveCfg = Release|Any CPU
		{98814873-6205-4C61-9916-893179837A27}.DLL Release|x86.Build.0 = Release|Any CPU
		{98814873-6205-4C61-9916-893179837A27}.Release|Any CPU.ActiveCfg = Release|Any CPU
		{98814873-6205-4C61-9916-893179837A27}.Release|Any CPU.Build.0 = Release|Any CPU
		{98814873-6205-4C61-9916-893179837A27}.Release|Win32.ActiveCfg = Release|Any CPU
		{98814873-6205-4C61-9916-893179837A27}.Release|Win32.Build.0 = Release|Any CPU
		{98814873-6205-4C61-9916-893179837A27}.Release|x64.ActiveCfg = Release|Any CPU
		{98814873-6205-4C61-9916-893179837A27}.Release|x64.Build.0 = Release|Any CPU
		{98814873-6205-4C61-9916-893179837A27}.Release|x86.ActiveCfg = Release|Any CPU
		{98814873-6205-4C61-9916-893179837A27}.Release|x86.Build.0 = Release|Any CPU
		{02CD867E-280C-413F-9EB0-07E0D9D27F1F}.Debug|Any CPU.ActiveCfg = Debug|Any CPU
		{02CD867E-280C-413F-9EB0-07E0D9D27F1F}.Debug|Any CPU.Build.0 = Debug|Any CPU
		{02CD867E-280C-413F-9EB0-07E0D9D27F1F}.Debug|Win32.ActiveCfg = Debug|Any CPU
		{02CD867E-280C-413F-9EB0-07E0D9D27F1F}.Debug|Win32.Build.0 = Debug|Any CPU
		{02CD867E-280C-413F-9EB0-07E0D9D27F1F}.Debug|x64.ActiveCfg = Debug|x64
		{02CD867E-280C-413F-9EB0-07E0D9D27F1F}.Debug|x64.Build.0 = Debug|x64
		{02CD867E-280C-413F-9EB0-07E0D9D27F1F}.Debug|x86.ActiveCfg = Debug|Any CPU
		{02CD867E-280C-413F-9EB0-07E0D9D27F1F}.Debug|x86.Build.0 = Debug|Any CPU
		{02CD867E-280C-413F-9EB0-07E0D9D27F1F}.DLL Debug|Any CPU.ActiveCfg = Debug|Any CPU
		{02CD867E-280C-413F-9EB0-07E0D9D27F1F}.DLL Debug|Any CPU.Build.0 = Debug|Any CPU
		{02CD867E-280C-413F-9EB0-07E0D9D27F1F}.DLL Debug|Win32.ActiveCfg = Debug|Any CPU
		{02CD867E-280C-413F-9EB0-07E0D9D27F1F}.DLL Debug|Win32.Build.0 = Debug|Any CPU
		{02CD867E-280C-413F-9EB0-07E0D9D27F1F}.DLL Debug|x64.ActiveCfg = Debug|x64
		{02CD867E-280C-413F-9EB0-07E0D9D27F1F}.DLL Debug|x64.Build.0 = Debug|x64
		{02CD867E-280C-413F-9EB0-07E0D9D27F1F}.DLL Debug|x86.ActiveCfg = Debug|Any CPU
		{02CD867E-280C-413F-9EB0-07E0D9D27F1F}.DLL Debug|x86.Build.0 = Debug|Any CPU
		{02CD867E-280C-413F-9EB0-07E0D9D27F1F}.DLL Release|Any CPU.ActiveCfg = Release|Any CPU
		{02CD867E-280C-413F-9EB0-07E0D9D27F1F}.DLL Release|Any CPU.Build.0 = Release|Any CPU
		{02CD867E-280C-413F-9EB0-07E0D9D27F1F}.DLL Release|Win32.ActiveCfg = Release|Any CPU
		{02CD867E-280C-413F-9EB0-07E0D9D27F1F}.DLL Release|Win32.Build.0 = Release|Any CPU
		{02CD867E-280C-413F-9EB0-07E0D9D27F1F}.DLL Release|x64.ActiveCfg = Release|x64
		{02CD867E-280C-413F-9EB0-07E0D9D27F1F}.DLL Release|x64.Build.0 = Release|x64
		{02CD867E-280C-413F-9EB0-07E0D9D27F1F}.DLL Release|x86.ActiveCfg = Release|Any CPU
		{02CD867E-280C-413F-9EB0-07E0D9D27F1F}.DLL Release|x86.Build.0 = Release|Any CPU
		{02CD867E-280C-413F-9EB0-07E0D9D27F1F}.Release|Any CPU.ActiveCfg = Release|Any CPU
		{02CD867E-280C-413F-9EB0-07E0D9D27F1F}.Release|Any CPU.Build.0 = Release|Any CPU
		{02CD867E-280C-413F-9EB0-07E0D9D27F1F}.Release|Win32.ActiveCfg = Release|Any CPU
		{02CD867E-280C-413F-9EB0-07E0D9D27F1F}.Release|Win32.Build.0 = Release|Any CPU
		{02CD867E-280C-413F-9EB0-07E0D9D27F1F}.Release|x64.ActiveCfg = Release|x64
		{02CD867E-280C-413F-9EB0-07E0D9D27F1F}.Release|x64.Build.0 = Release|x64
		{02CD867E-280C-413F-9EB0-07E0D9D27F1F}.Release|x86.ActiveCfg = Release|Any CPU
		{02CD867E-280C-413F-9EB0-07E0D9D27F1F}.Release|x86.Build.0 = Release|Any CPU
		{609082A3-BE37-41B0-88C1-F40BD4E32285}.Debug|Any CPU.ActiveCfg = Debug|Any CPU
		{609082A3-BE37-41B0-88C1-F40BD4E32285}.Debug|Any CPU.Build.0 = Debug|Any CPU
		{609082A3-BE37-41B0-88C1-F40BD4E32285}.Debug|Win32.ActiveCfg = Debug|Any CPU
		{609082A3-BE37-41B0-88C1-F40BD4E32285}.Debug|Win32.Build.0 = Debug|Any CPU
		{609082A3-BE37-41B0-88C1-F40BD4E32285}.Debug|x64.ActiveCfg = Debug|x64
		{609082A3-BE37-41B0-88C1-F40BD4E32285}.Debug|x64.Build.0 = Debug|x64
		{609082A3-BE37-41B0-88C1-F40BD4E32285}.Debug|x86.ActiveCfg = Debug|Any CPU
		{609082A3-BE37-41B0-88C1-F40BD4E32285}.Debug|x86.Build.0 = Debug|Any CPU
		{609082A3-BE37-41B0-88C1-F40BD4E32285}.DLL Debug|Any CPU.ActiveCfg = Debug|Any CPU
		{609082A3-BE37-41B0-88C1-F40BD4E32285}.DLL Debug|Any CPU.Build.0 = Debug|Any CPU
		{609082A3-BE37-41B0-88C1-F40BD4E32285}.DLL Debug|Win32.ActiveCfg = Debug|Any CPU
		{609082A3-BE37-41B0-88C1-F40BD4E32285}.DLL Debug|Win32.Build.0 = Debug|Any CPU
		{609082A3-BE37-41B0-88C1-F40BD4E32285}.DLL Debug|x64.ActiveCfg = Debug|x64
		{609082A3-BE37-41B0-88C1-F40BD4E32285}.DLL Debug|x64.Build.0 = Debug|x64
		{609082A3-BE37-41B0-88C1-F40BD4E32285}.DLL Debug|x86.ActiveCfg = Debug|Any CPU
		{609082A3-BE37-41B0-88C1-F40BD4E32285}.DLL Debug|x86.Build.0 = Debug|Any CPU
		{609082A3-BE37-41B0-88C1-F40BD4E32285}.DLL Release|Any CPU.ActiveCfg = Release|Any CPU
		{609082A3-BE37-41B0-88C1-F40BD4E32285}.DLL Release|Any CPU.Build.0 = Release|Any CPU
		{609082A3-BE37-41B0-88C1-F40BD4E32285}.DLL Release|Win32.ActiveCfg = Release|Any CPU
		{609082A3-BE37-41B0-88C1-F40BD4E32285}.DLL Release|Win32.Build.0 = Release|Any CPU
		{609082A3-BE37-41B0-88C1-F40BD4E32285}.DLL Release|x64.ActiveCfg = Release|x64
		{609082A3-BE37-41B0-88C1-F40BD4E32285}.DLL Release|x64.Build.0 = Release|x64
		{609082A3-BE37-41B0-88C1-F40BD4E32285}.DLL Release|x86.ActiveCfg = Release|Any CPU
		{609082A3-BE37-41B0-88C1-F40BD4E32285}.DLL Release|x86.Build.0 = Release|Any CPU
		{609082A3-BE37-41B0-88C1-F40BD4E32285}.Release|Any CPU.ActiveCfg = Release|Any CPU
		{609082A3-BE37-41B0-88C1-F40BD4E32285}.Release|Any CPU.Build.0 = Release|Any CPU
		{609082A3-BE37-41B0-88C1-F40BD4E32285}.Release|Win32.ActiveCfg = Release|Any CPU
		{609082A3-BE37-41B0-88C1-F40BD4E32285}.Release|Win32.Build.0 = Release|Any CPU
		{609082A3-BE37-41B0-88C1-F40BD4E32285}.Release|x64.ActiveCfg = Release|x64
		{609082A3-BE37-41B0-88C1-F40BD4E32285}.Release|x64.Build.0 = Release|x64
		{609082A3-BE37-41B0-88C1-F40BD4E32285}.Release|x86.ActiveCfg = Release|Any CPU
		{609082A3-BE37-41B0-88C1-F40BD4E32285}.Release|x86.Build.0 = Release|Any CPU
		{CE51F87B-CC9C-4080-8FEF-B50F4A89FFDA}.Debug|Any CPU.ActiveCfg = Debug|Any CPU
		{CE51F87B-CC9C-4080-8FEF-B50F4A89FFDA}.Debug|Any CPU.Build.0 = Debug|Any CPU
		{CE51F87B-CC9C-4080-8FEF-B50F4A89FFDA}.Debug|Any CPU.Deploy.0 = Debug|Any CPU
		{CE51F87B-CC9C-4080-8FEF-B50F4A89FFDA}.Debug|Win32.ActiveCfg = Debug|Any CPU
		{CE51F87B-CC9C-4080-8FEF-B50F4A89FFDA}.Debug|Win32.Build.0 = Debug|Any CPU
		{CE51F87B-CC9C-4080-8FEF-B50F4A89FFDA}.Debug|Win32.Deploy.0 = Debug|Any CPU
		{CE51F87B-CC9C-4080-8FEF-B50F4A89FFDA}.Debug|x64.ActiveCfg = Debug|Any CPU
		{CE51F87B-CC9C-4080-8FEF-B50F4A89FFDA}.Debug|x64.Build.0 = Debug|Any CPU
		{CE51F87B-CC9C-4080-8FEF-B50F4A89FFDA}.Debug|x64.Deploy.0 = Debug|Any CPU
		{CE51F87B-CC9C-4080-8FEF-B50F4A89FFDA}.Debug|x86.ActiveCfg = Debug|Any CPU
		{CE51F87B-CC9C-4080-8FEF-B50F4A89FFDA}.Debug|x86.Build.0 = Debug|Any CPU
		{CE51F87B-CC9C-4080-8FEF-B50F4A89FFDA}.Debug|x86.Deploy.0 = Debug|Any CPU
		{CE51F87B-CC9C-4080-8FEF-B50F4A89FFDA}.DLL Debug|Any CPU.ActiveCfg = Debug|Any CPU
		{CE51F87B-CC9C-4080-8FEF-B50F4A89FFDA}.DLL Debug|Any CPU.Build.0 = Debug|Any CPU
		{CE51F87B-CC9C-4080-8FEF-B50F4A89FFDA}.DLL Debug|Any CPU.Deploy.0 = Debug|Any CPU
		{CE51F87B-CC9C-4080-8FEF-B50F4A89FFDA}.DLL Debug|Win32.ActiveCfg = Debug|Any CPU
		{CE51F87B-CC9C-4080-8FEF-B50F4A89FFDA}.DLL Debug|Win32.Build.0 = Debug|Any CPU
		{CE51F87B-CC9C-4080-8FEF-B50F4A89FFDA}.DLL Debug|Win32.Deploy.0 = Debug|Any CPU
		{CE51F87B-CC9C-4080-8FEF-B50F4A89FFDA}.DLL Debug|x64.ActiveCfg = Debug|Any CPU
		{CE51F87B-CC9C-4080-8FEF-B50F4A89FFDA}.DLL Debug|x64.Build.0 = Debug|Any CPU
		{CE51F87B-CC9C-4080-8FEF-B50F4A89FFDA}.DLL Debug|x64.Deploy.0 = Debug|Any CPU
		{CE51F87B-CC9C-4080-8FEF-B50F4A89FFDA}.DLL Debug|x86.ActiveCfg = Debug|Any CPU
		{CE51F87B-CC9C-4080-8FEF-B50F4A89FFDA}.DLL Debug|x86.Build.0 = Debug|Any CPU
		{CE51F87B-CC9C-4080-8FEF-B50F4A89FFDA}.DLL Debug|x86.Deploy.0 = Debug|Any CPU
		{CE51F87B-CC9C-4080-8FEF-B50F4A89FFDA}.DLL Release|Any CPU.ActiveCfg = Release|Any CPU
		{CE51F87B-CC9C-4080-8FEF-B50F4A89FFDA}.DLL Release|Any CPU.Build.0 = Release|Any CPU
		{CE51F87B-CC9C-4080-8FEF-B50F4A89FFDA}.DLL Release|Any CPU.Deploy.0 = Release|Any CPU
		{CE51F87B-CC9C-4080-8FEF-B50F4A89FFDA}.DLL Release|Win32.ActiveCfg = Release|Any CPU
		{CE51F87B-CC9C-4080-8FEF-B50F4A89FFDA}.DLL Release|Win32.Build.0 = Release|Any CPU
		{CE51F87B-CC9C-4080-8FEF-B50F4A89FFDA}.DLL Release|Win32.Deploy.0 = Release|Any CPU
		{CE51F87B-CC9C-4080-8FEF-B50F4A89FFDA}.DLL Release|x64.ActiveCfg = Release|Any CPU
		{CE51F87B-CC9C-4080-8FEF-B50F4A89FFDA}.DLL Release|x64.Build.0 = Release|Any CPU
		{CE51F87B-CC9C-4080-8FEF-B50F4A89FFDA}.DLL Release|x64.Deploy.0 = Release|Any CPU
		{CE51F87B-CC9C-4080-8FEF-B50F4A89FFDA}.DLL Release|x86.ActiveCfg = Release|Any CPU
		{CE51F87B-CC9C-4080-8FEF-B50F4A89FFDA}.DLL Release|x86.Build.0 = Release|Any CPU
		{CE51F87B-CC9C-4080-8FEF-B50F4A89FFDA}.DLL Release|x86.Deploy.0 = Release|Any CPU
		{CE51F87B-CC9C-4080-8FEF-B50F4A89FFDA}.Release|Any CPU.ActiveCfg = Release|Any CPU
		{CE51F87B-CC9C-4080-8FEF-B50F4A89FFDA}.Release|Any CPU.Build.0 = Release|Any CPU
		{CE51F87B-CC9C-4080-8FEF-B50F4A89FFDA}.Release|Any CPU.Deploy.0 = Release|Any CPU
		{CE51F87B-CC9C-4080-8FEF-B50F4A89FFDA}.Release|Win32.ActiveCfg = Release|Any CPU
		{CE51F87B-CC9C-4080-8FEF-B50F4A89FFDA}.Release|Win32.Build.0 = Release|Any CPU
		{CE51F87B-CC9C-4080-8FEF-B50F4A89FFDA}.Release|Win32.Deploy.0 = Release|Any CPU
		{CE51F87B-CC9C-4080-8FEF-B50F4A89FFDA}.Release|x64.ActiveCfg = Release|Any CPU
		{CE51F87B-CC9C-4080-8FEF-B50F4A89FFDA}.Release|x64.Build.0 = Release|Any CPU
		{CE51F87B-CC9C-4080-8FEF-B50F4A89FFDA}.Release|x64.Deploy.0 = Release|Any CPU
		{CE51F87B-CC9C-4080-8FEF-B50F4A89FFDA}.Release|x86.ActiveCfg = Release|Any CPU
		{CE51F87B-CC9C-4080-8FEF-B50F4A89FFDA}.Release|x86.Build.0 = Release|Any CPU
		{CE51F87B-CC9C-4080-8FEF-B50F4A89FFDA}.Release|x86.Deploy.0 = Release|Any CPU
		{3AE86D98-336B-4DB1-ADFE-02084044BB5A}.Debug|Any CPU.ActiveCfg = Debug|Any CPU
		{3AE86D98-336B-4DB1-ADFE-02084044BB5A}.Debug|Any CPU.Build.0 = Debug|Any CPU
		{3AE86D98-336B-4DB1-ADFE-02084044BB5A}.Debug|Win32.ActiveCfg = Debug|x86
		{3AE86D98-336B-4DB1-ADFE-02084044BB5A}.Debug|Win32.Build.0 = Debug|x86
		{3AE86D98-336B-4DB1-ADFE-02084044BB5A}.Debug|x64.ActiveCfg = Debug|x64
		{3AE86D98-336B-4DB1-ADFE-02084044BB5A}.Debug|x64.Build.0 = Debug|x64
		{3AE86D98-336B-4DB1-ADFE-02084044BB5A}.Debug|x86.ActiveCfg = Debug|x86
		{3AE86D98-336B-4DB1-ADFE-02084044BB5A}.Debug|x86.Build.0 = Debug|x86
		{3AE86D98-336B-4DB1-ADFE-02084044BB5A}.DLL Debug|Any CPU.ActiveCfg = Debug|Any CPU
		{3AE86D98-336B-4DB1-ADFE-02084044BB5A}.DLL Debug|Any CPU.Build.0 = Debug|Any CPU
		{3AE86D98-336B-4DB1-ADFE-02084044BB5A}.DLL Debug|Win32.ActiveCfg = Debug|x86
		{3AE86D98-336B-4DB1-ADFE-02084044BB5A}.DLL Debug|Win32.Build.0 = Debug|x86
		{3AE86D98-336B-4DB1-ADFE-02084044BB5A}.DLL Debug|x64.ActiveCfg = Debug|x64
		{3AE86D98-336B-4DB1-ADFE-02084044BB5A}.DLL Debug|x64.Build.0 = Debug|x64
		{3AE86D98-336B-4DB1-ADFE-02084044BB5A}.DLL Debug|x86.ActiveCfg = Debug|x86
		{3AE86D98-336B-4DB1-ADFE-02084044BB5A}.DLL Debug|x86.Build.0 = Debug|x86
		{3AE86D98-336B-4DB1-ADFE-02084044BB5A}.DLL Release|Any CPU.ActiveCfg = Release|Any CPU
		{3AE86D98-336B-4DB1-ADFE-02084044BB5A}.DLL Release|Any CPU.Build.0 = Release|Any CPU
		{3AE86D98-336B-4DB1-ADFE-02084044BB5A}.DLL Release|Win32.ActiveCfg = Release|x86
		{3AE86D98-336B-4DB1-ADFE-02084044BB5A}.DLL Release|Win32.Build.0 = Release|x86
		{3AE86D98-336B-4DB1-ADFE-02084044BB5A}.DLL Release|x64.ActiveCfg = Release|x64
		{3AE86D98-336B-4DB1-ADFE-02084044BB5A}.DLL Release|x64.Build.0 = Release|x64
		{3AE86D98-336B-4DB1-ADFE-02084044BB5A}.DLL Release|x86.ActiveCfg = Release|x86
		{3AE86D98-336B-4DB1-ADFE-02084044BB5A}.DLL Release|x86.Build.0 = Release|x86
		{3AE86D98-336B-4DB1-ADFE-02084044BB5A}.Release|Any CPU.ActiveCfg = Release|Any CPU
		{3AE86D98-336B-4DB1-ADFE-02084044BB5A}.Release|Any CPU.Build.0 = Release|Any CPU
		{3AE86D98-336B-4DB1-ADFE-02084044BB5A}.Release|Win32.ActiveCfg = Release|x86
		{3AE86D98-336B-4DB1-ADFE-02084044BB5A}.Release|Win32.Build.0 = Release|x86
		{3AE86D98-336B-4DB1-ADFE-02084044BB5A}.Release|x64.ActiveCfg = Release|x64
		{3AE86D98-336B-4DB1-ADFE-02084044BB5A}.Release|x64.Build.0 = Release|x64
		{3AE86D98-336B-4DB1-ADFE-02084044BB5A}.Release|x86.ActiveCfg = Release|x86
		{3AE86D98-336B-4DB1-ADFE-02084044BB5A}.Release|x86.Build.0 = Release|x86
		{25399770-EC6C-4C7C-9573-5CB32D002B2A}.Debug|Any CPU.ActiveCfg = Debug|Any CPU
		{25399770-EC6C-4C7C-9573-5CB32D002B2A}.Debug|Any CPU.Build.0 = Debug|Any CPU
		{25399770-EC6C-4C7C-9573-5CB32D002B2A}.Debug|Win32.ActiveCfg = Debug|Any CPU
		{25399770-EC6C-4C7C-9573-5CB32D002B2A}.Debug|Win32.Build.0 = Debug|Any CPU
		{25399770-EC6C-4C7C-9573-5CB32D002B2A}.Debug|x64.ActiveCfg = Debug|x64
		{25399770-EC6C-4C7C-9573-5CB32D002B2A}.Debug|x64.Build.0 = Debug|x64
		{25399770-EC6C-4C7C-9573-5CB32D002B2A}.Debug|x86.ActiveCfg = Debug|x86
		{25399770-EC6C-4C7C-9573-5CB32D002B2A}.Debug|x86.Build.0 = Debug|x86
		{25399770-EC6C-4C7C-9573-5CB32D002B2A}.DLL Debug|Any CPU.ActiveCfg = Debug|Any CPU
		{25399770-EC6C-4C7C-9573-5CB32D002B2A}.DLL Debug|Any CPU.Build.0 = Debug|Any CPU
		{25399770-EC6C-4C7C-9573-5CB32D002B2A}.DLL Debug|Win32.ActiveCfg = Debug|Any CPU
		{25399770-EC6C-4C7C-9573-5CB32D002B2A}.DLL Debug|Win32.Build.0 = Debug|Any CPU
		{25399770-EC6C-4C7C-9573-5CB32D002B2A}.DLL Debug|x64.ActiveCfg = Debug|Any CPU
		{25399770-EC6C-4C7C-9573-5CB32D002B2A}.DLL Debug|x64.Build.0 = Debug|Any CPU
		{25399770-EC6C-4C7C-9573-5CB32D002B2A}.DLL Debug|x86.ActiveCfg = Debug|Any CPU
		{25399770-EC6C-4C7C-9573-5CB32D002B2A}.DLL Debug|x86.Build.0 = Debug|Any CPU
		{25399770-EC6C-4C7C-9573-5CB32D002B2A}.DLL Release|Any CPU.ActiveCfg = Release|Any CPU
		{25399770-EC6C-4C7C-9573-5CB32D002B2A}.DLL Release|Any CPU.Build.0 = Release|Any CPU
		{25399770-EC6C-4C7C-9573-5CB32D002B2A}.DLL Release|Win32.ActiveCfg = Release|Any CPU
		{25399770-EC6C-4C7C-9573-5CB32D002B2A}.DLL Release|Win32.Build.0 = Release|Any CPU
		{25399770-EC6C-4C7C-9573-5CB32D002B2A}.DLL Release|x64.ActiveCfg = Release|Any CPU
		{25399770-EC6C-4C7C-9573-5CB32D002B2A}.DLL Release|x64.Build.0 = Release|Any CPU
		{25399770-EC6C-4C7C-9573-5CB32D002B2A}.DLL Release|x86.ActiveCfg = Release|Any CPU
		{25399770-EC6C-4C7C-9573-5CB32D002B2A}.DLL Release|x86.Build.0 = Release|Any CPU
		{25399770-EC6C-4C7C-9573-5CB32D002B2A}.Release|Any CPU.ActiveCfg = Release|Any CPU
		{25399770-EC6C-4C7C-9573-5CB32D002B2A}.Release|Any CPU.Build.0 = Release|Any CPU
		{25399770-EC6C-4C7C-9573-5CB32D002B2A}.Release|Win32.ActiveCfg = Release|Any CPU
		{25399770-EC6C-4C7C-9573-5CB32D002B2A}.Release|Win32.Build.0 = Release|Any CPU
		{25399770-EC6C-4C7C-9573-5CB32D002B2A}.Release|x64.ActiveCfg = Release|Any CPU
		{25399770-EC6C-4C7C-9573-5CB32D002B2A}.Release|x64.Build.0 = Release|Any CPU
		{25399770-EC6C-4C7C-9573-5CB32D002B2A}.Release|x86.ActiveCfg = Release|Any CPU
		{25399770-EC6C-4C7C-9573-5CB32D002B2A}.Release|x86.Build.0 = Release|Any CPU
		{48E9A427-2C90-4441-A132-8E565D08C426}.Debug|Any CPU.ActiveCfg = Debug|Any CPU
		{48E9A427-2C90-4441-A132-8E565D08C426}.Debug|Any CPU.Build.0 = Debug|Any CPU
		{48E9A427-2C90-4441-A132-8E565D08C426}.Debug|Win32.ActiveCfg = Debug|Any CPU
		{48E9A427-2C90-4441-A132-8E565D08C426}.Debug|Win32.Build.0 = Debug|Any CPU
		{48E9A427-2C90-4441-A132-8E565D08C426}.Debug|x64.ActiveCfg = Debug|Any CPU
		{48E9A427-2C90-4441-A132-8E565D08C426}.Debug|x64.Build.0 = Debug|Any CPU
		{48E9A427-2C90-4441-A132-8E565D08C426}.Debug|x86.ActiveCfg = Debug|Any CPU
		{48E9A427-2C90-4441-A132-8E565D08C426}.Debug|x86.Build.0 = Debug|Any CPU
		{48E9A427-2C90-4441-A132-8E565D08C426}.DLL Debug|Any CPU.ActiveCfg = Debug|Any CPU
		{48E9A427-2C90-4441-A132-8E565D08C426}.DLL Debug|Any CPU.Build.0 = Debug|Any CPU
		{48E9A427-2C90-4441-A132-8E565D08C426}.DLL Debug|Win32.ActiveCfg = Debug|Any CPU
		{48E9A427-2C90-4441-A132-8E565D08C426}.DLL Debug|Win32.Build.0 = Debug|Any CPU
		{48E9A427-2C90-4441-A132-8E565D08C426}.DLL Debug|x64.ActiveCfg = Debug|Any CPU
		{48E9A427-2C90-4441-A132-8E565D08C426}.DLL Debug|x64.Build.0 = Debug|Any CPU
		{48E9A427-2C90-4441-A132-8E565D08C426}.DLL Debug|x86.ActiveCfg = Debug|Any CPU
		{48E9A427-2C90-4441-A132-8E565D08C426}.DLL Debug|x86.Build.0 = Debug|Any CPU
		{48E9A427-2C90-4441-A132-8E565D08C426}.DLL Release|Any CPU.ActiveCfg = Release|Any CPU
		{48E9A427-2C90-4441-A132-8E565D08C426}.DLL Release|Any CPU.Build.0 = Release|Any CPU
		{48E9A427-2C90-4441-A132-8E565D08C426}.DLL Release|Win32.ActiveCfg = Release|Any CPU
		{48E9A427-2C90-4441-A132-8E565D08C426}.DLL Release|Win32.Build.0 = Release|Any CPU
		{48E9A427-2C90-4441-A132-8E565D08C426}.DLL Release|x64.ActiveCfg = Release|Any CPU
		{48E9A427-2C90-4441-A132-8E565D08C426}.DLL Release|x64.Build.0 = Release|Any CPU
		{48E9A427-2C90-4441-A132-8E565D08C426}.DLL Release|x86.ActiveCfg = Release|Any CPU
		{48E9A427-2C90-4441-A132-8E565D08C426}.DLL Release|x86.Build.0 = Release|Any CPU
		{48E9A427-2C90-4441-A132-8E565D08C426}.Release|Any CPU.ActiveCfg = Release|Any CPU
		{48E9A427-2C90-4441-A132-8E565D08C426}.Release|Any CPU.Build.0 = Release|Any CPU
		{48E9A427-2C90-4441-A132-8E565D08C426}.Release|Win32.ActiveCfg = Release|Any CPU
		{48E9A427-2C90-4441-A132-8E565D08C426}.Release|Win32.Build.0 = Release|Any CPU
		{48E9A427-2C90-4441-A132-8E565D08C426}.Release|x64.ActiveCfg = Release|Any CPU
		{48E9A427-2C90-4441-A132-8E565D08C426}.Release|x64.Build.0 = Release|Any CPU
		{48E9A427-2C90-4441-A132-8E565D08C426}.Release|x86.ActiveCfg = Release|Any CPU
		{48E9A427-2C90-4441-A132-8E565D08C426}.Release|x86.Build.0 = Release|Any CPU
		{28332C65-4E6E-47FB-B367-32EFAB5B7B7D}.Debug|Any CPU.ActiveCfg = Debug|Any CPU
		{28332C65-4E6E-47FB-B367-32EFAB5B7B7D}.Debug|Any CPU.Build.0 = Debug|Any CPU
		{28332C65-4E6E-47FB-B367-32EFAB5B7B7D}.Debug|Win32.ActiveCfg = Debug|Any CPU
		{28332C65-4E6E-47FB-B367-32EFAB5B7B7D}.Debug|Win32.Build.0 = Debug|Any CPU
		{28332C65-4E6E-47FB-B367-32EFAB5B7B7D}.Debug|x64.ActiveCfg = Debug|Any CPU
		{28332C65-4E6E-47FB-B367-32EFAB5B7B7D}.Debug|x64.Build.0 = Debug|Any CPU
		{28332C65-4E6E-47FB-B367-32EFAB5B7B7D}.Debug|x86.ActiveCfg = Debug|Any CPU
		{28332C65-4E6E-47FB-B367-32EFAB5B7B7D}.Debug|x86.Build.0 = Debug|Any CPU
		{28332C65-4E6E-47FB-B367-32EFAB5B7B7D}.DLL Debug|Any CPU.ActiveCfg = Debug|Any CPU
		{28332C65-4E6E-47FB-B367-32EFAB5B7B7D}.DLL Debug|Any CPU.Build.0 = Debug|Any CPU
		{28332C65-4E6E-47FB-B367-32EFAB5B7B7D}.DLL Debug|Win32.ActiveCfg = Debug|Any CPU
		{28332C65-4E6E-47FB-B367-32EFAB5B7B7D}.DLL Debug|Win32.Build.0 = Debug|Any CPU
		{28332C65-4E6E-47FB-B367-32EFAB5B7B7D}.DLL Debug|x64.ActiveCfg = Debug|Any CPU
		{28332C65-4E6E-47FB-B367-32EFAB5B7B7D}.DLL Debug|x64.Build.0 = Debug|Any CPU
		{28332C65-4E6E-47FB-B367-32EFAB5B7B7D}.DLL Debug|x86.ActiveCfg = Debug|Any CPU
		{28332C65-4E6E-47FB-B367-32EFAB5B7B7D}.DLL Debug|x86.Build.0 = Debug|Any CPU
		{28332C65-4E6E-47FB-B367-32EFAB5B7B7D}.DLL Release|Any CPU.ActiveCfg = Release|Any CPU
		{28332C65-4E6E-47FB-B367-32EFAB5B7B7D}.DLL Release|Any CPU.Build.0 = Release|Any CPU
		{28332C65-4E6E-47FB-B367-32EFAB5B7B7D}.DLL Release|Win32.ActiveCfg = Release|Any CPU
		{28332C65-4E6E-47FB-B367-32EFAB5B7B7D}.DLL Release|Win32.Build.0 = Release|Any CPU
		{28332C65-4E6E-47FB-B367-32EFAB5B7B7D}.DLL Release|x64.ActiveCfg = Release|Any CPU
		{28332C65-4E6E-47FB-B367-32EFAB5B7B7D}.DLL Release|x64.Build.0 = Release|Any CPU
		{28332C65-4E6E-47FB-B367-32EFAB5B7B7D}.DLL Release|x86.ActiveCfg = Release|Any CPU
		{28332C65-4E6E-47FB-B367-32EFAB5B7B7D}.DLL Release|x86.Build.0 = Release|Any CPU
		{28332C65-4E6E-47FB-B367-32EFAB5B7B7D}.Release|Any CPU.ActiveCfg = Release|Any CPU
		{28332C65-4E6E-47FB-B367-32EFAB5B7B7D}.Release|Any CPU.Build.0 = Release|Any CPU
		{28332C65-4E6E-47FB-B367-32EFAB5B7B7D}.Release|Win32.ActiveCfg = Release|Any CPU
		{28332C65-4E6E-47FB-B367-32EFAB5B7B7D}.Release|Win32.Build.0 = Release|Any CPU
		{28332C65-4E6E-47FB-B367-32EFAB5B7B7D}.Release|x64.ActiveCfg = Release|Any CPU
		{28332C65-4E6E-47FB-B367-32EFAB5B7B7D}.Release|x64.Build.0 = Release|Any CPU
		{28332C65-4E6E-47FB-B367-32EFAB5B7B7D}.Release|x86.ActiveCfg = Release|Any CPU
		{28332C65-4E6E-47FB-B367-32EFAB5B7B7D}.Release|x86.Build.0 = Release|Any CPU
		{A7C0DF95-0DFD-4BEB-B84F-3152DE9A61E8}.Debug|Any CPU.ActiveCfg = Debug|Any CPU
		{A7C0DF95-0DFD-4BEB-B84F-3152DE9A61E8}.Debug|Any CPU.Build.0 = Debug|Any CPU
		{A7C0DF95-0DFD-4BEB-B84F-3152DE9A61E8}.Debug|Win32.ActiveCfg = Debug|Any CPU
		{A7C0DF95-0DFD-4BEB-B84F-3152DE9A61E8}.Debug|Win32.Build.0 = Debug|Any CPU
		{A7C0DF95-0DFD-4BEB-B84F-3152DE9A61E8}.Debug|x64.ActiveCfg = Debug|Any CPU
		{A7C0DF95-0DFD-4BEB-B84F-3152DE9A61E8}.Debug|x64.Build.0 = Debug|Any CPU
		{A7C0DF95-0DFD-4BEB-B84F-3152DE9A61E8}.Debug|x86.ActiveCfg = Debug|Any CPU
		{A7C0DF95-0DFD-4BEB-B84F-3152DE9A61E8}.Debug|x86.Build.0 = Debug|Any CPU
		{A7C0DF95-0DFD-4BEB-B84F-3152DE9A61E8}.DLL Debug|Any CPU.ActiveCfg = Debug|Any CPU
		{A7C0DF95-0DFD-4BEB-B84F-3152DE9A61E8}.DLL Debug|Any CPU.Build.0 = Debug|Any CPU
		{A7C0DF95-0DFD-4BEB-B84F-3152DE9A61E8}.DLL Debug|Win32.ActiveCfg = Debug|Any CPU
		{A7C0DF95-0DFD-4BEB-B84F-3152DE9A61E8}.DLL Debug|Win32.Build.0 = Debug|Any CPU
		{A7C0DF95-0DFD-4BEB-B84F-3152DE9A61E8}.DLL Debug|x64.ActiveCfg = Debug|Any CPU
		{A7C0DF95-0DFD-4BEB-B84F-3152DE9A61E8}.DLL Debug|x64.Build.0 = Debug|Any CPU
		{A7C0DF95-0DFD-4BEB-B84F-3152DE9A61E8}.DLL Debug|x86.ActiveCfg = Debug|Any CPU
		{A7C0DF95-0DFD-4BEB-B84F-3152DE9A61E8}.DLL Debug|x86.Build.0 = Debug|Any CPU
		{A7C0DF95-0DFD-4BEB-B84F-3152DE9A61E8}.DLL Release|Any CPU.ActiveCfg = Release|Any CPU
		{A7C0DF95-0DFD-4BEB-B84F-3152DE9A61E8}.DLL Release|Any CPU.Build.0 = Release|Any CPU
		{A7C0DF95-0DFD-4BEB-B84F-3152DE9A61E8}.DLL Release|Win32.ActiveCfg = Release|Any CPU
		{A7C0DF95-0DFD-4BEB-B84F-3152DE9A61E8}.DLL Release|Win32.Build.0 = Release|Any CPU
		{A7C0DF95-0DFD-4BEB-B84F-3152DE9A61E8}.DLL Release|x64.ActiveCfg = Release|Any CPU
		{A7C0DF95-0DFD-4BEB-B84F-3152DE9A61E8}.DLL Release|x64.Build.0 = Release|Any CPU
		{A7C0DF95-0DFD-4BEB-B84F-3152DE9A61E8}.DLL Release|x86.ActiveCfg = Release|Any CPU
		{A7C0DF95-0DFD-4BEB-B84F-3152DE9A61E8}.DLL Release|x86.Build.0 = Release|Any CPU
		{A7C0DF95-0DFD-4BEB-B84F-3152DE9A61E8}.Release|Any CPU.ActiveCfg = Release|Any CPU
		{A7C0DF95-0DFD-4BEB-B84F-3152DE9A61E8}.Release|Any CPU.Build.0 = Release|Any CPU
		{A7C0DF95-0DFD-4BEB-B84F-3152DE9A61E8}.Release|Win32.ActiveCfg = Release|Any CPU
		{A7C0DF95-0DFD-4BEB-B84F-3152DE9A61E8}.Release|Win32.Build.0 = Release|Any CPU
		{A7C0DF95-0DFD-4BEB-B84F-3152DE9A61E8}.Release|x64.ActiveCfg = Release|Any CPU
		{A7C0DF95-0DFD-4BEB-B84F-3152DE9A61E8}.Release|x64.Build.0 = Release|Any CPU
		{A7C0DF95-0DFD-4BEB-B84F-3152DE9A61E8}.Release|x86.ActiveCfg = Release|Any CPU
		{A7C0DF95-0DFD-4BEB-B84F-3152DE9A61E8}.Release|x86.Build.0 = Release|Any CPU
		{689EB3F5-7302-41EE-A425-03440F7283AA}.Debug|Any CPU.ActiveCfg = Debug|Any CPU
		{689EB3F5-7302-41EE-A425-03440F7283AA}.Debug|Any CPU.Build.0 = Debug|Any CPU
		{689EB3F5-7302-41EE-A425-03440F7283AA}.Debug|Win32.ActiveCfg = Debug|Any CPU
		{689EB3F5-7302-41EE-A425-03440F7283AA}.Debug|Win32.Build.0 = Debug|Any CPU
		{689EB3F5-7302-41EE-A425-03440F7283AA}.Debug|x64.ActiveCfg = Debug|Any CPU
		{689EB3F5-7302-41EE-A425-03440F7283AA}.Debug|x64.Build.0 = Debug|Any CPU
		{689EB3F5-7302-41EE-A425-03440F7283AA}.Debug|x86.ActiveCfg = Debug|Any CPU
		{689EB3F5-7302-41EE-A425-03440F7283AA}.Debug|x86.Build.0 = Debug|Any CPU
		{689EB3F5-7302-41EE-A425-03440F7283AA}.DLL Debug|Any CPU.ActiveCfg = Debug|Any CPU
		{689EB3F5-7302-41EE-A425-03440F7283AA}.DLL Debug|Any CPU.Build.0 = Debug|Any CPU
		{689EB3F5-7302-41EE-A425-03440F7283AA}.DLL Debug|Win32.ActiveCfg = Debug|Any CPU
		{689EB3F5-7302-41EE-A425-03440F7283AA}.DLL Debug|Win32.Build.0 = Debug|Any CPU
		{689EB3F5-7302-41EE-A425-03440F7283AA}.DLL Debug|x64.ActiveCfg = Debug|Any CPU
		{689EB3F5-7302-41EE-A425-03440F7283AA}.DLL Debug|x64.Build.0 = Debug|Any CPU
		{689EB3F5-7302-41EE-A425-03440F7283AA}.DLL Debug|x86.ActiveCfg = Debug|Any CPU
		{689EB3F5-7302-41EE-A425-03440F7283AA}.DLL Debug|x86.Build.0 = Debug|Any CPU
		{689EB3F5-7302-41EE-A425-03440F7283AA}.DLL Release|Any CPU.ActiveCfg = Release|Any CPU
		{689EB3F5-7302-41EE-A425-03440F7283AA}.DLL Release|Any CPU.Build.0 = Release|Any CPU
		{689EB3F5-7302-41EE-A425-03440F7283AA}.DLL Release|Win32.ActiveCfg = Release|Any CPU
		{689EB3F5-7302-41EE-A425-03440F7283AA}.DLL Release|Win32.Build.0 = Release|Any CPU
		{689EB3F5-7302-41EE-A425-03440F7283AA}.DLL Release|x64.ActiveCfg = Release|Any CPU
		{689EB3F5-7302-41EE-A425-03440F7283AA}.DLL Release|x64.Build.0 = Release|Any CPU
		{689EB3F5-7302-41EE-A425-03440F7283AA}.DLL Release|x86.ActiveCfg = Release|Any CPU
		{689EB3F5-7302-41EE-A425-03440F7283AA}.DLL Release|x86.Build.0 = Release|Any CPU
		{689EB3F5-7302-41EE-A425-03440F7283AA}.Release|Any CPU.ActiveCfg = Release|Any CPU
		{689EB3F5-7302-41EE-A425-03440F7283AA}.Release|Any CPU.Build.0 = Release|Any CPU
		{689EB3F5-7302-41EE-A425-03440F7283AA}.Release|Win32.ActiveCfg = Release|Any CPU
		{689EB3F5-7302-41EE-A425-03440F7283AA}.Release|Win32.Build.0 = Release|Any CPU
		{689EB3F5-7302-41EE-A425-03440F7283AA}.Release|x64.ActiveCfg = Release|Any CPU
		{689EB3F5-7302-41EE-A425-03440F7283AA}.Release|x64.Build.0 = Release|Any CPU
		{689EB3F5-7302-41EE-A425-03440F7283AA}.Release|x86.ActiveCfg = Release|Any CPU
		{689EB3F5-7302-41EE-A425-03440F7283AA}.Release|x86.Build.0 = Release|Any CPU
		{C7B3C844-F6D7-49CD-A83E-C759F6CB6A3E}.Debug|Any CPU.ActiveCfg = Debug|Any CPU
		{C7B3C844-F6D7-49CD-A83E-C759F6CB6A3E}.Debug|Any CPU.Build.0 = Debug|Any CPU
		{C7B3C844-F6D7-49CD-A83E-C759F6CB6A3E}.Debug|Any CPU.Deploy.0 = Debug|Any CPU
		{C7B3C844-F6D7-49CD-A83E-C759F6CB6A3E}.Debug|Win32.ActiveCfg = Debug|Any CPU
		{C7B3C844-F6D7-49CD-A83E-C759F6CB6A3E}.Debug|Win32.Build.0 = Debug|Any CPU
		{C7B3C844-F6D7-49CD-A83E-C759F6CB6A3E}.Debug|Win32.Deploy.0 = Debug|Any CPU
		{C7B3C844-F6D7-49CD-A83E-C759F6CB6A3E}.Debug|x64.ActiveCfg = Debug|Any CPU
		{C7B3C844-F6D7-49CD-A83E-C759F6CB6A3E}.Debug|x64.Build.0 = Debug|Any CPU
		{C7B3C844-F6D7-49CD-A83E-C759F6CB6A3E}.Debug|x64.Deploy.0 = Debug|Any CPU
		{C7B3C844-F6D7-49CD-A83E-C759F6CB6A3E}.Debug|x86.ActiveCfg = Debug|Any CPU
		{C7B3C844-F6D7-49CD-A83E-C759F6CB6A3E}.Debug|x86.Build.0 = Debug|Any CPU
		{C7B3C844-F6D7-49CD-A83E-C759F6CB6A3E}.Debug|x86.Deploy.0 = Debug|Any CPU
		{C7B3C844-F6D7-49CD-A83E-C759F6CB6A3E}.DLL Debug|Any CPU.ActiveCfg = Debug|Any CPU
		{C7B3C844-F6D7-49CD-A83E-C759F6CB6A3E}.DLL Debug|Any CPU.Build.0 = Debug|Any CPU
		{C7B3C844-F6D7-49CD-A83E-C759F6CB6A3E}.DLL Debug|Any CPU.Deploy.0 = Debug|Any CPU
		{C7B3C844-F6D7-49CD-A83E-C759F6CB6A3E}.DLL Debug|Win32.ActiveCfg = Debug|Any CPU
		{C7B3C844-F6D7-49CD-A83E-C759F6CB6A3E}.DLL Debug|Win32.Build.0 = Debug|Any CPU
		{C7B3C844-F6D7-49CD-A83E-C759F6CB6A3E}.DLL Debug|Win32.Deploy.0 = Debug|Any CPU
		{C7B3C844-F6D7-49CD-A83E-C759F6CB6A3E}.DLL Debug|x64.ActiveCfg = Debug|Any CPU
		{C7B3C844-F6D7-49CD-A83E-C759F6CB6A3E}.DLL Debug|x64.Build.0 = Debug|Any CPU
		{C7B3C844-F6D7-49CD-A83E-C759F6CB6A3E}.DLL Debug|x64.Deploy.0 = Debug|Any CPU
		{C7B3C844-F6D7-49CD-A83E-C759F6CB6A3E}.DLL Debug|x86.ActiveCfg = Debug|Any CPU
		{C7B3C844-F6D7-49CD-A83E-C759F6CB6A3E}.DLL Debug|x86.Build.0 = Debug|Any CPU
		{C7B3C844-F6D7-49CD-A83E-C759F6CB6A3E}.DLL Debug|x86.Deploy.0 = Debug|Any CPU
		{C7B3C844-F6D7-49CD-A83E-C759F6CB6A3E}.DLL Release|Any CPU.ActiveCfg = Release|Any CPU
		{C7B3C844-F6D7-49CD-A83E-C759F6CB6A3E}.DLL Release|Any CPU.Build.0 = Release|Any CPU
		{C7B3C844-F6D7-49CD-A83E-C759F6CB6A3E}.DLL Release|Any CPU.Deploy.0 = Release|Any CPU
		{C7B3C844-F6D7-49CD-A83E-C759F6CB6A3E}.DLL Release|Win32.ActiveCfg = Release|Any CPU
		{C7B3C844-F6D7-49CD-A83E-C759F6CB6A3E}.DLL Release|Win32.Build.0 = Release|Any CPU
		{C7B3C844-F6D7-49CD-A83E-C759F6CB6A3E}.DLL Release|Win32.Deploy.0 = Release|Any CPU
		{C7B3C844-F6D7-49CD-A83E-C759F6CB6A3E}.DLL Release|x64.ActiveCfg = Release|Any CPU
		{C7B3C844-F6D7-49CD-A83E-C759F6CB6A3E}.DLL Release|x64.Build.0 = Release|Any CPU
		{C7B3C844-F6D7-49CD-A83E-C759F6CB6A3E}.DLL Release|x64.Deploy.0 = Release|Any CPU
		{C7B3C844-F6D7-49CD-A83E-C759F6CB6A3E}.DLL Release|x86.ActiveCfg = Release|Any CPU
		{C7B3C844-F6D7-49CD-A83E-C759F6CB6A3E}.DLL Release|x86.Build.0 = Release|Any CPU
		{C7B3C844-F6D7-49CD-A83E-C759F6CB6A3E}.DLL Release|x86.Deploy.0 = Release|Any CPU
		{C7B3C844-F6D7-49CD-A83E-C759F6CB6A3E}.Release|Any CPU.ActiveCfg = Release|Any CPU
		{C7B3C844-F6D7-49CD-A83E-C759F6CB6A3E}.Release|Any CPU.Build.0 = Release|Any CPU
		{C7B3C844-F6D7-49CD-A83E-C759F6CB6A3E}.Release|Any CPU.Deploy.0 = Release|Any CPU
		{C7B3C844-F6D7-49CD-A83E-C759F6CB6A3E}.Release|Win32.ActiveCfg = Release|Any CPU
		{C7B3C844-F6D7-49CD-A83E-C759F6CB6A3E}.Release|Win32.Build.0 = Release|Any CPU
		{C7B3C844-F6D7-49CD-A83E-C759F6CB6A3E}.Release|Win32.Deploy.0 = Release|Any CPU
		{C7B3C844-F6D7-49CD-A83E-C759F6CB6A3E}.Release|x64.ActiveCfg = Release|Any CPU
		{C7B3C844-F6D7-49CD-A83E-C759F6CB6A3E}.Release|x64.Build.0 = Release|Any CPU
		{C7B3C844-F6D7-49CD-A83E-C759F6CB6A3E}.Release|x64.Deploy.0 = Release|Any CPU
		{C7B3C844-F6D7-49CD-A83E-C759F6CB6A3E}.Release|x86.ActiveCfg = Release|Any CPU
		{C7B3C844-F6D7-49CD-A83E-C759F6CB6A3E}.Release|x86.Build.0 = Release|Any CPU
		{C7B3C844-F6D7-49CD-A83E-C759F6CB6A3E}.Release|x86.Deploy.0 = Release|Any CPU
		{C88A1F9E-0B60-446F-AC95-3960698855FC}.Debug|Any CPU.ActiveCfg = Debug|Any CPU
		{C88A1F9E-0B60-446F-AC95-3960698855FC}.Debug|Any CPU.Build.0 = Debug|Any CPU
		{C88A1F9E-0B60-446F-AC95-3960698855FC}.Debug|Win32.ActiveCfg = Debug|Any CPU
		{C88A1F9E-0B60-446F-AC95-3960698855FC}.Debug|Win32.Build.0 = Debug|Any CPU
		{C88A1F9E-0B60-446F-AC95-3960698855FC}.Debug|x64.ActiveCfg = Debug|Any CPU
		{C88A1F9E-0B60-446F-AC95-3960698855FC}.Debug|x64.Build.0 = Debug|Any CPU
		{C88A1F9E-0B60-446F-AC95-3960698855FC}.Debug|x86.ActiveCfg = Debug|Any CPU
		{C88A1F9E-0B60-446F-AC95-3960698855FC}.Debug|x86.Build.0 = Debug|Any CPU
		{C88A1F9E-0B60-446F-AC95-3960698855FC}.DLL Debug|Any CPU.ActiveCfg = Debug|Any CPU
		{C88A1F9E-0B60-446F-AC95-3960698855FC}.DLL Debug|Any CPU.Build.0 = Debug|Any CPU
		{C88A1F9E-0B60-446F-AC95-3960698855FC}.DLL Debug|Win32.ActiveCfg = Debug|Any CPU
		{C88A1F9E-0B60-446F-AC95-3960698855FC}.DLL Debug|Win32.Build.0 = Debug|Any CPU
		{C88A1F9E-0B60-446F-AC95-3960698855FC}.DLL Debug|x64.ActiveCfg = Debug|Any CPU
		{C88A1F9E-0B60-446F-AC95-3960698855FC}.DLL Debug|x64.Build.0 = Debug|Any CPU
		{C88A1F9E-0B60-446F-AC95-3960698855FC}.DLL Debug|x86.ActiveCfg = Debug|Any CPU
		{C88A1F9E-0B60-446F-AC95-3960698855FC}.DLL Debug|x86.Build.0 = Debug|Any CPU
		{C88A1F9E-0B60-446F-AC95-3960698855FC}.DLL Release|Any CPU.ActiveCfg = Release|Any CPU
		{C88A1F9E-0B60-446F-AC95-3960698855FC}.DLL Release|Any CPU.Build.0 = Release|Any CPU
		{C88A1F9E-0B60-446F-AC95-3960698855FC}.DLL Release|Win32.ActiveCfg = Release|Any CPU
		{C88A1F9E-0B60-446F-AC95-3960698855FC}.DLL Release|Win32.Build.0 = Release|Any CPU
		{C88A1F9E-0B60-446F-AC95-3960698855FC}.DLL Release|x64.ActiveCfg = Release|Any CPU
		{C88A1F9E-0B60-446F-AC95-3960698855FC}.DLL Release|x64.Build.0 = Release|Any CPU
		{C88A1F9E-0B60-446F-AC95-3960698855FC}.DLL Release|x86.ActiveCfg = Release|Any CPU
		{C88A1F9E-0B60-446F-AC95-3960698855FC}.DLL Release|x86.Build.0 = Release|Any CPU
		{C88A1F9E-0B60-446F-AC95-3960698855FC}.Release|Any CPU.ActiveCfg = Release|Any CPU
		{C88A1F9E-0B60-446F-AC95-3960698855FC}.Release|Any CPU.Build.0 = Release|Any CPU
		{C88A1F9E-0B60-446F-AC95-3960698855FC}.Release|Win32.ActiveCfg = Release|Any CPU
		{C88A1F9E-0B60-446F-AC95-3960698855FC}.Release|Win32.Build.0 = Release|Any CPU
		{C88A1F9E-0B60-446F-AC95-3960698855FC}.Release|x64.ActiveCfg = Release|Any CPU
		{C88A1F9E-0B60-446F-AC95-3960698855FC}.Release|x64.Build.0 = Release|Any CPU
		{C88A1F9E-0B60-446F-AC95-3960698855FC}.Release|x86.ActiveCfg = Release|Any CPU
		{C88A1F9E-0B60-446F-AC95-3960698855FC}.Release|x86.Build.0 = Release|Any CPU
		{E27DBDAF-FFA2-26F1-E0FC-6B90F9DD7E95}.Debug|Any CPU.ActiveCfg = Debug|Any CPU
		{E27DBDAF-FFA2-26F1-E0FC-6B90F9DD7E95}.Debug|Any CPU.Build.0 = Debug|Any CPU
		{E27DBDAF-FFA2-26F1-E0FC-6B90F9DD7E95}.Debug|Win32.ActiveCfg = Debug|Any CPU
		{E27DBDAF-FFA2-26F1-E0FC-6B90F9DD7E95}.Debug|Win32.Build.0 = Debug|Any CPU
		{E27DBDAF-FFA2-26F1-E0FC-6B90F9DD7E95}.Debug|x64.ActiveCfg = Debug|Any CPU
		{E27DBDAF-FFA2-26F1-E0FC-6B90F9DD7E95}.Debug|x64.Build.0 = Debug|Any CPU
		{E27DBDAF-FFA2-26F1-E0FC-6B90F9DD7E95}.Debug|x86.ActiveCfg = Debug|Any CPU
		{E27DBDAF-FFA2-26F1-E0FC-6B90F9DD7E95}.Debug|x86.Build.0 = Debug|Any CPU
		{E27DBDAF-FFA2-26F1-E0FC-6B90F9DD7E95}.DLL Debug|Any CPU.ActiveCfg = Debug|Any CPU
		{E27DBDAF-FFA2-26F1-E0FC-6B90F9DD7E95}.DLL Debug|Any CPU.Build.0 = Debug|Any CPU
		{E27DBDAF-FFA2-26F1-E0FC-6B90F9DD7E95}.DLL Debug|Win32.ActiveCfg = Debug|Any CPU
		{E27DBDAF-FFA2-26F1-E0FC-6B90F9DD7E95}.DLL Debug|Win32.Build.0 = Debug|Any CPU
		{E27DBDAF-FFA2-26F1-E0FC-6B90F9DD7E95}.DLL Debug|x64.ActiveCfg = Debug|Any CPU
		{E27DBDAF-FFA2-26F1-E0FC-6B90F9DD7E95}.DLL Debug|x64.Build.0 = Debug|Any CPU
		{E27DBDAF-FFA2-26F1-E0FC-6B90F9DD7E95}.DLL Debug|x86.ActiveCfg = Debug|Any CPU
		{E27DBDAF-FFA2-26F1-E0FC-6B90F9DD7E95}.DLL Debug|x86.Build.0 = Debug|Any CPU
		{E27DBDAF-FFA2-26F1-E0FC-6B90F9DD7E95}.DLL Release|Any CPU.ActiveCfg = Release|Any CPU
		{E27DBDAF-FFA2-26F1-E0FC-6B90F9DD7E95}.DLL Release|Any CPU.Build.0 = Release|Any CPU
		{E27DBDAF-FFA2-26F1-E0FC-6B90F9DD7E95}.DLL Release|Win32.ActiveCfg = Release|Any CPU
		{E27DBDAF-FFA2-26F1-E0FC-6B90F9DD7E95}.DLL Release|Win32.Build.0 = Release|Any CPU
		{E27DBDAF-FFA2-26F1-E0FC-6B90F9DD7E95}.DLL Release|x64.ActiveCfg = Release|Any CPU
		{E27DBDAF-FFA2-26F1-E0FC-6B90F9DD7E95}.DLL Release|x64.Build.0 = Release|Any CPU
		{E27DBDAF-FFA2-26F1-E0FC-6B90F9DD7E95}.DLL Release|x86.ActiveCfg = Release|Any CPU
		{E27DBDAF-FFA2-26F1-E0FC-6B90F9DD7E95}.DLL Release|x86.Build.0 = Release|Any CPU
		{E27DBDAF-FFA2-26F1-E0FC-6B90F9DD7E95}.Release|Any CPU.ActiveCfg = Release|Any CPU
		{E27DBDAF-FFA2-26F1-E0FC-6B90F9DD7E95}.Release|Any CPU.Build.0 = Release|Any CPU
		{E27DBDAF-FFA2-26F1-E0FC-6B90F9DD7E95}.Release|Win32.ActiveCfg = Release|Any CPU
		{E27DBDAF-FFA2-26F1-E0FC-6B90F9DD7E95}.Release|Win32.Build.0 = Release|Any CPU
		{E27DBDAF-FFA2-26F1-E0FC-6B90F9DD7E95}.Release|x64.ActiveCfg = Release|Any CPU
		{E27DBDAF-FFA2-26F1-E0FC-6B90F9DD7E95}.Release|x64.Build.0 = Release|Any CPU
		{E27DBDAF-FFA2-26F1-E0FC-6B90F9DD7E95}.Release|x86.ActiveCfg = Release|Any CPU
		{E27DBDAF-FFA2-26F1-E0FC-6B90F9DD7E95}.Release|x86.Build.0 = Release|Any CPU
	EndGlobalSection
	GlobalSection(SolutionProperties) = preSolution
		HideSolutionNode = FALSE
	EndGlobalSection
	GlobalSection(NestedProjects) = preSolution
		{04851FA9-146A-4D00-84C6-3D20040289D0} = {E79FDEAE-7AAF-4EE7-ACD6-A356BB789603}
		{79F2529C-C711-457A-9087-325C333CDE60} = {E79FDEAE-7AAF-4EE7-ACD6-A356BB789603}
		{4D0B4DDF-9CCB-4BA2-A4D6-D12A2686737A} = {5E9B13E1-8AC3-4BB4-8BAB-EED296EBD253}
		{BD3B206E-632F-4D79-AF94-566A9D2B759E} = {5E9B13E1-8AC3-4BB4-8BAB-EED296EBD253}
		{4C0B1499-2320-47E2-852C-9DDD9A0BA3EF} = {5E9B13E1-8AC3-4BB4-8BAB-EED296EBD253}
		{D26BAA1B-E01F-4F84-9991-7C8E7C9387F2} = {D27E40C1-FD1A-483A-8D7E-C1B03DE93B19}
		{8EB9020C-A880-4F8A-BA24-BC414E85F3A5} = {D27E40C1-FD1A-483A-8D7E-C1B03DE93B19}
		{D27E40C1-FD1A-483A-8D7E-C1B03DE93B19} = {329A8C06-CA7B-42DF-8261-84A5E289290B}
		{EA7937C6-0A05-419E-8600-99176911053B} = {329A8C06-CA7B-42DF-8261-84A5E289290B}
		{85DFE479-BF62-471D-8677-6CEBD9EB724F} = {EA7937C6-0A05-419E-8600-99176911053B}
		{F85FA19A-FC05-4337-B592-841637A83C4E} = {EA7937C6-0A05-419E-8600-99176911053B}
		{095C1DB0-1DF4-4549-B21B-9327FF2EAD06} = {329A8C06-CA7B-42DF-8261-84A5E289290B}
		{78A039F0-3C72-4FAC-96CC-4389DCBE73A5} = {D27E40C1-FD1A-483A-8D7E-C1B03DE93B19}
		{C730D496-E68F-4D8F-8608-C835D3A5FC50} = {E79FDEAE-7AAF-4EE7-ACD6-A356BB789603}
		{98814873-6205-4C61-9916-893179837A27} = {E79FDEAE-7AAF-4EE7-ACD6-A356BB789603}
		{02CD867E-280C-413F-9EB0-07E0D9D27F1F} = {E79FDEAE-7AAF-4EE7-ACD6-A356BB789603}
		{609082A3-BE37-41B0-88C1-F40BD4E32285} = {E79FDEAE-7AAF-4EE7-ACD6-A356BB789603}
		{CE51F87B-CC9C-4080-8FEF-B50F4A89FFDA} = {B3B7BFD7-CEFB-46C2-BAF5-710D858DE73B}
		{3AE86D98-336B-4DB1-ADFE-02084044BB5A} = {B3B7BFD7-CEFB-46C2-BAF5-710D858DE73B}
		{25399770-EC6C-4C7C-9573-5CB32D002B2A} = {B3B7BFD7-CEFB-46C2-BAF5-710D858DE73B}
		{109AC684-1407-49CD-8925-EE415EB01881} = {329A8C06-CA7B-42DF-8261-84A5E289290B}
		{48E9A427-2C90-4441-A132-8E565D08C426} = {109AC684-1407-49CD-8925-EE415EB01881}
		{28332C65-4E6E-47FB-B367-32EFAB5B7B7D} = {109AC684-1407-49CD-8925-EE415EB01881}
		{A7C0DF95-0DFD-4BEB-B84F-3152DE9A61E8} = {109AC684-1407-49CD-8925-EE415EB01881}
		{689EB3F5-7302-41EE-A425-03440F7283AA} = {B3B7BFD7-CEFB-46C2-BAF5-710D858DE73B}
		{C7B3C844-F6D7-49CD-A83E-C759F6CB6A3E} = {B3B7BFD7-CEFB-46C2-BAF5-710D858DE73B}
		{C88A1F9E-0B60-446F-AC95-3960698855FC} = {329A8C06-CA7B-42DF-8261-84A5E289290B}
		{E27DBDAF-FFA2-26F1-E0FC-6B90F9DD7E95} = {E79FDEAE-7AAF-4EE7-ACD6-A356BB789603}
	EndGlobalSection
	GlobalSection(ExtensibilityGlobals) = postSolution
		SolutionGuid = {BD17D7DB-AEF9-418B-81F8-8E0920FC6FF7}
	EndGlobalSection
EndGlobal
