
Microsoft Visual Studio Solution File, Format Version 12.00
# Visual Studio Version 17
VisualStudioVersion = 17.8.34525.116
MinimumVisualStudioVersion = 10.0.40219.1
Project("{9A19103F-16F7-4668-BE54-9A1E7A4F7556}") = "CustomControlInUixml", "CustomControlInUixml.csproj", "{D2A96500-5F74-4254-82BE-2DFC616BAF62}"
EndProject
Global
	GlobalSection(SolutionConfigurationPlatforms) = preSolution
		Debug|Any CPU = Debug|Any CPU
		Release|Any CPU = Release|Any CPU
	EndGlobalSection
	GlobalSection(ProjectConfigurationPlatforms) = postSolution
		{D2A96500-5F74-4254-82BE-2DFC616BAF62}.Debug|Any CPU.ActiveCfg = Debug|Any CPU
		{D2A96500-5F74-4254-82BE-2DFC616BAF62}.Debug|Any CPU.Build.0 = Debug|Any CPU
		{D2A96500-5F74-4254-82BE-2DFC616BAF62}.Release|Any CPU.ActiveCfg = Release|Any CPU
		{D2A96500-5F74-4254-82BE-2DFC616BAF62}.Release|Any CPU.Build.0 = Release|Any CPU
	EndGlobalSection
	GlobalSection(SolutionProperties) = preSolution
		HideSolutionNode = FALSE
	EndGlobalSection
	GlobalSection(ExtensibilityGlobals) = postSolution
		SolutionGuid = {C4A4D896-E414-4E99-877B-F31E43A581F3}
	EndGlobalSection
EndGlobal
