
Microsoft Visual Studio Solution File, Format Version 12.00
# Visual Studio Version 17
VisualStudioVersion = 17.2.32602.215
MinimumVisualStudioVersion = 10.0.40219.1
Project("{9A19103F-16F7-4668-BE54-9A1E7A4F7556}") = "Alternet.UI.Documentation", "Alternet.UI.Documentation.csproj", "{5372EAEB-FF23-480E-B9F2-6F99AC82E54F}"
EndProject
Project("{2150E333-8FDC-42A3-9474-1A3956D46DE8}") = "02. Examples", "02. Examples", "{74977C1D-4C89-482A-AF1E-6024FB453117}"
EndProject
Project("{2150E333-8FDC-42A3-9474-1A3956D46DE8}") = "01. Documentation", "01. Documentation", "{33CD307E-3DA9-460D-97EA-38798EA71408}"
EndProject
Project("{9A19103F-16F7-4668-BE54-9A1E7A4F7556}") = "Alternet.UI", "..\..\Source\Alternet.UI\Alternet.UI.csproj", "{139462AF-784D-4D33-B469-EFEC6C5325A9}"
EndProject
Project("{8BC9CEB8-8B4A-11D0-8D11-00A0C91BC942}") = "Alternet.UI.Pal", "..\..\Source\Alternet.UI.Pal\Alternet.UI.Pal.vcxproj", "{79F2529C-C711-457A-9087-325C333CDE60}"
EndProject
Project("{9A19103F-16F7-4668-BE54-9A1E7A4F7556}") = "Alternet.UI.Common", "..\..\Source\Alternet.UI.Common\Alternet.UI.Common.csproj", "{0FF3E37E-42E3-4B4D-AF47-2ADF5D258584}"
EndProject
Project("{FAE04EC0-301F-11D3-BF4B-00C04F79EFBC}") = "Alternet.UI.Maui", "..\..\Source\Alternet.UI.Maui\Alternet.UI.Maui.csproj", "{1ED7768F-294E-5B4E-4F3E-4589E7201405}"
EndProject
Global
	GlobalSection(SolutionConfigurationPlatforms) = preSolution
		Debug|Any CPU = Debug|Any CPU
		Debug|x64 = Debug|x64
		Debug|x86 = Debug|x86
		Release|Any CPU = Release|Any CPU
		Release|x64 = Release|x64
		Release|x86 = Release|x86
	EndGlobalSection
	GlobalSection(ProjectConfigurationPlatforms) = postSolution
		{5372EAEB-FF23-480E-B9F2-6F99AC82E54F}.Debug|Any CPU.ActiveCfg = Debug|Any CPU
		{5372EAEB-FF23-480E-B9F2-6F99AC82E54F}.Debug|Any CPU.Build.0 = Debug|Any CPU
		{5372EAEB-FF23-480E-B9F2-6F99AC82E54F}.Debug|x64.ActiveCfg = Debug|Any CPU
		{5372EAEB-FF23-480E-B9F2-6F99AC82E54F}.Debug|x64.Build.0 = Debug|Any CPU
		{5372EAEB-FF23-480E-B9F2-6F99AC82E54F}.Debug|x86.ActiveCfg = Debug|Any CPU
		{5372EAEB-FF23-480E-B9F2-6F99AC82E54F}.Debug|x86.Build.0 = Debug|Any CPU
		{5372EAEB-FF23-480E-B9F2-6F99AC82E54F}.Release|Any CPU.ActiveCfg = Release|Any CPU
		{5372EAEB-FF23-480E-B9F2-6F99AC82E54F}.Release|Any CPU.Build.0 = Release|Any CPU
		{5372EAEB-FF23-480E-B9F2-6F99AC82E54F}.Release|x64.ActiveCfg = Release|Any CPU
		{5372EAEB-FF23-480E-B9F2-6F99AC82E54F}.Release|x64.Build.0 = Release|Any CPU
		{5372EAEB-FF23-480E-B9F2-6F99AC82E54F}.Release|x86.ActiveCfg = Release|Any CPU
		{5372EAEB-FF23-480E-B9F2-6F99AC82E54F}.Release|x86.Build.0 = Release|Any CPU
		{139462AF-784D-4D33-B469-EFEC6C5325A9}.Debug|Any CPU.ActiveCfg = Debug|Any CPU
		{139462AF-784D-4D33-B469-EFEC6C5325A9}.Debug|Any CPU.Build.0 = Debug|Any CPU
		{139462AF-784D-4D33-B469-EFEC6C5325A9}.Debug|x64.ActiveCfg = Debug|x64
		{139462AF-784D-4D33-B469-EFEC6C5325A9}.Debug|x64.Build.0 = Debug|x64
		{139462AF-784D-4D33-B469-EFEC6C5325A9}.Debug|x86.ActiveCfg = Debug|Any CPU
		{139462AF-784D-4D33-B469-EFEC6C5325A9}.Debug|x86.Build.0 = Debug|Any CPU
		{139462AF-784D-4D33-B469-EFEC6C5325A9}.Release|Any CPU.ActiveCfg = Release|Any CPU
		{139462AF-784D-4D33-B469-EFEC6C5325A9}.Release|Any CPU.Build.0 = Release|Any CPU
		{139462AF-784D-4D33-B469-EFEC6C5325A9}.Release|x64.ActiveCfg = Release|x64
		{139462AF-784D-4D33-B469-EFEC6C5325A9}.Release|x64.Build.0 = Release|x64
		{139462AF-784D-4D33-B469-EFEC6C5325A9}.Release|x86.ActiveCfg = Release|Any CPU
		{139462AF-784D-4D33-B469-EFEC6C5325A9}.Release|x86.Build.0 = Release|Any CPU
		{79F2529C-C711-457A-9087-325C333CDE60}.Debug|Any CPU.ActiveCfg = Debug|x64
		{79F2529C-C711-457A-9087-325C333CDE60}.Debug|Any CPU.Build.0 = Debug|x64
		{79F2529C-C711-457A-9087-325C333CDE60}.Debug|x64.ActiveCfg = Debug|x64
		{79F2529C-C711-457A-9087-325C333CDE60}.Debug|x64.Build.0 = Debug|x64
		{79F2529C-C711-457A-9087-325C333CDE60}.Debug|x86.ActiveCfg = Debug|Win32
		{79F2529C-C711-457A-9087-325C333CDE60}.Debug|x86.Build.0 = Debug|Win32
		{79F2529C-C711-457A-9087-325C333CDE60}.Release|Any CPU.ActiveCfg = Release|x64
		{79F2529C-C711-457A-9087-325C333CDE60}.Release|Any CPU.Build.0 = Release|x64
		{79F2529C-C711-457A-9087-325C333CDE60}.Release|x64.ActiveCfg = Release|x64
		{79F2529C-C711-457A-9087-325C333CDE60}.Release|x64.Build.0 = Release|x64
		{79F2529C-C711-457A-9087-325C333CDE60}.Release|x86.ActiveCfg = Release|Win32
		{79F2529C-C711-457A-9087-325C333CDE60}.Release|x86.Build.0 = Release|Win32
		{0FF3E37E-42E3-4B4D-AF47-2ADF5D258584}.Debug|Any CPU.ActiveCfg = Debug|Any CPU
		{0FF3E37E-42E3-4B4D-AF47-2ADF5D258584}.Debug|Any CPU.Build.0 = Debug|Any CPU
		{0FF3E37E-42E3-4B4D-AF47-2ADF5D258584}.Debug|x64.ActiveCfg = Debug|x64
		{0FF3E37E-42E3-4B4D-AF47-2ADF5D258584}.Debug|x64.Build.0 = Debug|x64
		{0FF3E37E-42E3-4B4D-AF47-2ADF5D258584}.Debug|x86.ActiveCfg = Debug|Any CPU
		{0FF3E37E-42E3-4B4D-AF47-2ADF5D258584}.Debug|x86.Build.0 = Debug|Any CPU
		{0FF3E37E-42E3-4B4D-AF47-2ADF5D258584}.Release|Any CPU.ActiveCfg = Release|Any CPU
		{0FF3E37E-42E3-4B4D-AF47-2ADF5D258584}.Release|Any CPU.Build.0 = Release|Any CPU
		{0FF3E37E-42E3-4B4D-AF47-2ADF5D258584}.Release|x64.ActiveCfg = Release|x64
		{0FF3E37E-42E3-4B4D-AF47-2ADF5D258584}.Release|x64.Build.0 = Release|x64
		{0FF3E37E-42E3-4B4D-AF47-2ADF5D258584}.Release|x86.ActiveCfg = Release|Any CPU
		{0FF3E37E-42E3-4B4D-AF47-2ADF5D258584}.Release|x86.Build.0 = Release|Any CPU
		{1ED7768F-294E-5B4E-4F3E-4589E7201405}.Debug|Any CPU.ActiveCfg = Debug|Any CPU
		{1ED7768F-294E-5B4E-4F3E-4589E7201405}.Debug|Any CPU.Build.0 = Debug|Any CPU
		{1ED7768F-294E-5B4E-4F3E-4589E7201405}.Debug|x64.ActiveCfg = Debug|Any CPU
		{1ED7768F-294E-5B4E-4F3E-4589E7201405}.Debug|x64.Build.0 = Debug|Any CPU
		{1ED7768F-294E-5B4E-4F3E-4589E7201405}.Debug|x86.ActiveCfg = Debug|Any CPU
		{1ED7768F-294E-5B4E-4F3E-4589E7201405}.Debug|x86.Build.0 = Debug|Any CPU
		{1ED7768F-294E-5B4E-4F3E-4589E7201405}.Release|Any CPU.ActiveCfg = Release|Any CPU
		{1ED7768F-294E-5B4E-4F3E-4589E7201405}.Release|Any CPU.Build.0 = Release|Any CPU
		{1ED7768F-294E-5B4E-4F3E-4589E7201405}.Release|x64.ActiveCfg = Release|Any CPU
		{1ED7768F-294E-5B4E-4F3E-4589E7201405}.Release|x64.Build.0 = Release|Any CPU
		{1ED7768F-294E-5B4E-4F3E-4589E7201405}.Release|x86.ActiveCfg = Release|Any CPU
		{1ED7768F-294E-5B4E-4F3E-4589E7201405}.Release|x86.Build.0 = Release|Any CPU
	EndGlobalSection
	GlobalSection(SolutionProperties) = preSolution
		HideSolutionNode = FALSE
	EndGlobalSection
	GlobalSection(NestedProjects) = preSolution
		{5372EAEB-FF23-480E-B9F2-6F99AC82E54F} = {33CD307E-3DA9-460D-97EA-38798EA71408}
	EndGlobalSection
	GlobalSection(ExtensibilityGlobals) = postSolution
		SolutionGuid = {85D8E652-2803-432F-B61C-02E2B3A618EC}
	EndGlobalSection
EndGlobal
